// !$*UTF8*$!
{
	archiveVersion = 1;
	classes = {
	};
	objectVersion = 56;
	objects = {

/* Begin PBXBuildFile section */
		D8D5402A2B44282600E12142 /* AppDelegate.swift in Sources */ = {isa = PBXBuildFile; fileRef = D8D540292B44282600E12142 /* AppDelegate.swift */; };
		D8D5402C2B44282600E12142 /* SceneDelegate.swift in Sources */ = {isa = PBXBuildFile; fileRef = D8D5402B2B44282600E12142 /* SceneDelegate.swift */; };
		D8D5402E2B44282600E12142 /* ViewController.swift in Sources */ = {isa = PBXBuildFile; fileRef = D8D5402D2B44282600E12142 /* ViewController.swift */; };
		D8D540312B44282600E12142 /* Main.storyboard in Resources */ = {isa = PBXBuildFile; fileRef = D8D5402F2B44282600E12142 /* Main.storyboard */; };
		D8D540332B44282900E12142 /* Assets.xcassets in Resources */ = {isa = PBXBuildFile; fileRef = D8D540322B44282900E12142 /* Assets.xcassets */; };
		D8D540362B44282900E12142 /* LaunchScreen.storyboard in Resources */ = {isa = PBXBuildFile; fileRef = D8D540342B44282900E12142 /* LaunchScreen.storyboard */; };
		D8D540412B44282900E12142 /* NewYearTests.swift in Sources */ = {isa = PBXBuildFile; fileRef = D8D540402B44282900E12142 /* NewYearTests.swift */; };
		D8D5404B2B44282900E12142 /* NewYearUITests.swift in Sources */ = {isa = PBXBuildFile; fileRef = D8D5404A2B44282900E12142 /* NewYearUITests.swift */; };
		D8D5404D2B44282900E12142 /* NewYearUITestsLaunchTests.swift in Sources */ = {isa = PBXBuildFile; fileRef = D8D5404C2B44282900E12142 /* NewYearUITestsLaunchTests.swift */; };
/* End PBXBuildFile section */

/* Begin PBXContainerItemProxy section */
		D8D5403D2B44282900E12142 /* PBXContainerItemProxy */ = {
			isa = PBXContainerItemProxy;
			containerPortal = D8D5401E2B44282600E12142 /* Project object */;
			proxyType = 1;
			remoteGlobalIDString = D8D540252B44282600E12142;
			remoteInfo = NewYear;
		};
		D8D540472B44282900E12142 /* PBXContainerItemProxy */ = {
			isa = PBXContainerItemProxy;
			containerPortal = D8D5401E2B44282600E12142 /* Project object */;
			proxyType = 1;
			remoteGlobalIDString = D8D540252B44282600E12142;
			remoteInfo = NewYear;
		};
/* End PBXContainerItemProxy section */

/* Begin PBXFileReference section */
		D8D540262B44282600E12142 /* NewYear.app */ = {isa = PBXFileReference; explicitFileType = wrapper.application; includeInIndex = 0; path = NewYear.app; sourceTree = BUILT_PRODUCTS_DIR; };
		D8D540292B44282600E12142 /* AppDelegate.swift */ = {isa = PBXFileReference; lastKnownFileType = sourcecode.swift; path = AppDelegate.swift; sourceTree = "<group>"; };
		D8D5402B2B44282600E12142 /* SceneDelegate.swift */ = {isa = PBXFileReference; lastKnownFileType = sourcecode.swift; path = SceneDelegate.swift; sourceTree = "<group>"; };
		D8D5402D2B44282600E12142 /* ViewController.swift */ = {isa = PBXFileReference; lastKnownFileType = sourcecode.swift; path = ViewController.swift; sourceTree = "<group>"; };
		D8D540302B44282600E12142 /* Base */ = {isa = PBXFileReference; lastKnownFileType = file.storyboard; name = Base; path = Base.lproj/Main.storyboard; sourceTree = "<group>"; };
		D8D540322B44282900E12142 /* Assets.xcassets */ = {isa = PBXFileReference; lastKnownFileType = folder.assetcatalog; path = Assets.xcassets; sourceTree = "<group>"; };
		D8D540352B44282900E12142 /* Base */ = {isa = PBXFileReference; lastKnownFileType = file.storyboard; name = Base; path = Base.lproj/LaunchScreen.storyboard; sourceTree = "<group>"; };
		D8D540372B44282900E12142 /* Info.plist */ = {isa = PBXFileReference; lastKnownFileType = text.plist.xml; path = Info.plist; sourceTree = "<group>"; };
		D8D5403C2B44282900E12142 /* NewYearTests.xctest */ = {isa = PBXFileReference; explicitFileType = wrapper.cfbundle; includeInIndex = 0; path = NewYearTests.xctest; sourceTree = BUILT_PRODUCTS_DIR; };
		D8D540402B44282900E12142 /* NewYearTests.swift */ = {isa = PBXFileReference; lastKnownFileType = sourcecode.swift; path = NewYearTests.swift; sourceTree = "<group>"; };
		D8D540462B44282900E12142 /* NewYearUITests.xctest */ = {isa = PBXFileReference; explicitFileType = wrapper.cfbundle; includeInIndex = 0; path = NewYearUITests.xctest; sourceTree = BUILT_PRODUCTS_DIR; };
		D8D5404A2B44282900E12142 /* NewYearUITests.swift */ = {isa = PBXFileReference; lastKnownFileType = sourcecode.swift; path = NewYearUITests.swift; sourceTree = "<group>"; };
		D8D5404C2B44282900E12142 /* NewYearUITestsLaunchTests.swift */ = {isa = PBXFileReference; lastKnownFileType = sourcecode.swift; path = NewYearUITestsLaunchTests.swift; sourceTree = "<group>"; };
/* End PBXFileReference section */

/* Begin PBXFrameworksBuildPhase section */
		D8D540232B44282600E12142 /* Frameworks */ = {
			isa = PBXFrameworksBuildPhase;
			buildActionMask = 2147483647;
			files = (
			);
			runOnlyForDeploymentPostprocessing = 0;
		};
		D8D540392B44282900E12142 /* Frameworks */ = {
			isa = PBXFrameworksBuildPhase;
			buildActionMask = 2147483647;
			files = (
			);
			runOnlyForDeploymentPostprocessing = 0;
		};
		D8D540432B44282900E12142 /* Frameworks */ = {
			isa = PBXFrameworksBuildPhase;
			buildActionMask = 2147483647;
			files = (
			);
			runOnlyForDeploymentPostprocessing = 0;
		};
/* End PBXFrameworksBuildPhase section */

/* Begin PBXGroup section */
		D8D5401D2B44282600E12142 = {
			isa = PBXGroup;
			children = (
				D8D540282B44282600E12142 /* NewYear */,
				D8D5403F2B44282900E12142 /* NewYearTests */,
				D8D540492B44282900E12142 /* NewYearUITests */,
				D8D540272B44282600E12142 /* Products */,
			);
			sourceTree = "<group>";
		};
		D8D540272B44282600E12142 /* Products */ = {
			isa = PBXGroup;
			children = (
				D8D540262B44282600E12142 /* NewYear.app */,
				D8D5403C2B44282900E12142 /* NewYearTests.xctest */,
				D8D540462B44282900E12142 /* NewYearUITests.xctest */,
			);
			name = Products;
			sourceTree = "<group>";
		};
		D8D540282B44282600E12142 /* NewYear */ = {
			isa = PBXGroup;
			children = (
				D8D540292B44282600E12142 /* AppDelegate.swift */,
				D8D5402B2B44282600E12142 /* SceneDelegate.swift */,
				D8D5402D2B44282600E12142 /* ViewController.swift */,
				D8D5402F2B44282600E12142 /* Main.storyboard */,
				D8D540322B44282900E12142 /* Assets.xcassets */,
				D8D540342B44282900E12142 /* LaunchScreen.storyboard */,
				D8D540372B44282900E12142 /* Info.plist */,
			);
			path = NewYear;
			sourceTree = "<group>";
		};
		D8D5403F2B44282900E12142 /* NewYearTests */ = {
			isa = PBXGroup;
			children = (
				D8D540402B44282900E12142 /* NewYearTests.swift */,
			);
			path = NewYearTests;
			sourceTree = "<group>";
		};
		D8D540492B44282900E12142 /* NewYearUITests */ = {
			isa = PBXGroup;
			children = (
				D8D5404A2B44282900E12142 /* NewYearUITests.swift */,
				D8D5404C2B44282900E12142 /* NewYearUITestsLaunchTests.swift */,
			);
			path = NewYearUITests;
			sourceTree = "<group>";
		};
/* End PBXGroup section */

/* Begin PBXNativeTarget section */
		D8D540252B44282600E12142 /* NewYear */ = {
			isa = PBXNativeTarget;
			buildConfigurationList = D8D540502B44282900E12142 /* Build configuration list for PBXNativeTarget "NewYear" */;
			buildPhases = (
				D8D540222B44282600E12142 /* Sources */,
				D8D540232B44282600E12142 /* Frameworks */,
				D8D540242B44282600E12142 /* Resources */,
			);
			buildRules = (
			);
			dependencies = (
			);
			name = NewYear;
			productName = NewYear;
			productReference = D8D540262B44282600E12142 /* NewYear.app */;
			productType = "com.apple.product-type.application";
		};
		D8D5403B2B44282900E12142 /* NewYearTests */ = {
			isa = PBXNativeTarget;
			buildConfigurationList = D8D540532B44282900E12142 /* Build configuration list for PBXNativeTarget "NewYearTests" */;
			buildPhases = (
				D8D540382B44282900E12142 /* Sources */,
				D8D540392B44282900E12142 /* Frameworks */,
				D8D5403A2B44282900E12142 /* Resources */,
			);
			buildRules = (
			);
			dependencies = (
				D8D5403E2B44282900E12142 /* PBXTargetDependency */,
			);
			name = NewYearTests;
			productName = NewYearTests;
			productReference = D8D5403C2B44282900E12142 /* NewYearTests.xctest */;
			productType = "com.apple.product-type.bundle.unit-test";
		};
		D8D540452B44282900E12142 /* NewYearUITests */ = {
			isa = PBXNativeTarget;
			buildConfigurationList = D8D540562B44282900E12142 /* Build configuration list for PBXNativeTarget "NewYearUITests" */;
			buildPhases = (
				D8D540422B44282900E12142 /* Sources */,
				D8D540432B44282900E12142 /* Frameworks */,
				D8D540442B44282900E12142 /* Resources */,
			);
			buildRules = (
			);
			dependencies = (
				D8D540482B44282900E12142 /* PBXTargetDependency */,
			);
			name = NewYearUITests;
			productName = NewYearUITests;
			productReference = D8D540462B44282900E12142 /* NewYearUITests.xctest */;
			productType = "com.apple.product-type.bundle.ui-testing";
		};
/* End PBXNativeTarget section */

/* Begin PBXProject section */
		D8D5401E2B44282600E12142 /* Project object */ = {
			isa = PBXProject;
			attributes = {
				BuildIndependentTargetsInParallel = 1;
				LastSwiftUpdateCheck = 1510;
				LastUpgradeCheck = 1510;
				TargetAttributes = {
					D8D540252B44282600E12142 = {
						CreatedOnToolsVersion = 15.1;
					};
					D8D5403B2B44282900E12142 = {
						CreatedOnToolsVersion = 15.1;
						TestTargetID = D8D540252B44282600E12142;
					};
					D8D540452B44282900E12142 = {
						CreatedOnToolsVersion = 15.1;
						TestTargetID = D8D540252B44282600E12142;
					};
				};
			};
			buildConfigurationList = D8D540212B44282600E12142 /* Build configuration list for PBXProject "NewYear" */;
			compatibilityVersion = "Xcode 14.0";
			developmentRegion = en;
			hasScannedForEncodings = 0;
			knownRegions = (
				en,
				Base,
			);
			mainGroup = D8D5401D2B44282600E12142;
			productRefGroup = D8D540272B44282600E12142 /* Products */;
			projectDirPath = "";
			projectRoot = "";
			targets = (
				D8D540252B44282600E12142 /* NewYear */,
				D8D5403B2B44282900E12142 /* NewYearTests */,
				D8D540452B44282900E12142 /* NewYearUITests */,
			);
		};
/* End PBXProject section */

/* Begin PBXResourcesBuildPhase section */
		D8D540242B44282600E12142 /* Resources */ = {
			isa = PBXResourcesBuildPhase;
			buildActionMask = 2147483647;
			files = (
				D8D540362B44282900E12142 /* LaunchScreen.storyboard in Resources */,
				D8D540332B44282900E12142 /* Assets.xcassets in Resources */,
				D8D540312B44282600E12142 /* Main.storyboard in Resources */,
			);
			runOnlyForDeploymentPostprocessing = 0;
		};
		D8D5403A2B44282900E12142 /* Resources */ = {
			isa = PBXResourcesBuildPhase;
			buildActionMask = 2147483647;
			files = (
			);
			runOnlyForDeploymentPostprocessing = 0;
		};
		D8D540442B44282900E12142 /* Resources */ = {
			isa = PBXResourcesBuildPhase;
			buildActionMask = 2147483647;
			files = (
			);
			runOnlyForDeploymentPostprocessing = 0;
		};
/* End PBXResourcesBuildPhase section */

/* Begin PBXSourcesBuildPhase section */
		D8D540222B44282600E12142 /* Sources */ = {
			isa = PBXSourcesBuildPhase;
			buildActionMask = 2147483647;
			files = (
				D8D5402E2B44282600E12142 /* ViewController.swift in Sources */,
				D8D5402A2B44282600E12142 /* AppDelegate.swift in Sources */,
				D8D5402C2B44282600E12142 /* SceneDelegate.swift in Sources */,
			);
			runOnlyForDeploymentPostprocessing = 0;
		};
		D8D540382B44282900E12142 /* Sources */ = {
			isa = PBXSourcesBuildPhase;
			buildActionMask = 2147483647;
			files = (
				D8D540412B44282900E12142 /* NewYearTests.swift in Sources */,
			);
			runOnlyForDeploymentPostprocessing = 0;
		};
		D8D540422B44282900E12142 /* Sources */ = {
			isa = PBXSourcesBuildPhase;
			buildActionMask = 2147483647;
			files = (
				D8D5404D2B44282900E12142 /* NewYearUITestsLaunchTests.swift in Sources */,
				D8D5404B2B44282900E12142 /* NewYearUITests.swift in Sources */,
			);
			runOnlyForDeploymentPostprocessing = 0;
		};
/* End PBXSourcesBuildPhase section */

/* Begin PBXTargetDependency section */
		D8D5403E2B44282900E12142 /* PBXTargetDependency */ = {
			isa = PBXTargetDependency;
			target = D8D540252B44282600E12142 /* NewYear */;
			targetProxy = D8D5403D2B44282900E12142 /* PBXContainerItemProxy */;
		};
		D8D540482B44282900E12142 /* PBXTargetDependency */ = {
			isa = PBXTargetDependency;
			target = D8D540252B44282600E12142 /* NewYear */;
			targetProxy = D8D540472B44282900E12142 /* PBXContainerItemProxy */;
		};
/* End PBXTargetDependency section */

/* Begin PBXVariantGroup section */
		D8D5402F2B44282600E12142 /* Main.storyboard */ = {
			isa = PBXVariantGroup;
			children = (
				D8D540302B44282600E12142 /* Base */,
			);
			name = Main.storyboard;
			sourceTree = "<group>";
		};
		D8D540342B44282900E12142 /* LaunchScreen.storyboard */ = {
			isa = PBXVariantGroup;
			children = (
				D8D540352B44282900E12142 /* Base */,
			);
			name = LaunchScreen.storyboard;
			sourceTree = "<group>";
		};
/* End PBXVariantGroup section */

/* Begin XCBuildConfiguration section */
		D8D5404E2B44282900E12142 /* Debug */ = {
			isa = XCBuildConfiguration;
			buildSettings = {
				ALWAYS_SEARCH_USER_PATHS = NO;
				ASSETCATALOG_COMPILER_GENERATE_SWIFT_ASSET_SYMBOL_EXTENSIONS = YES;
				CLANG_ANALYZER_NONNULL = YES;
				CLANG_ANALYZER_NUMBER_OBJECT_CONVERSION = YES_AGGRESSIVE;
				CLANG_CXX_LANGUAGE_STANDARD = "gnu++20";
				CLANG_ENABLE_MODULES = YES;
				CLANG_ENABLE_OBJC_ARC = YES;
				CLANG_ENABLE_OBJC_WEAK = YES;
				CLANG_WARN_BLOCK_CAPTURE_AUTORELEASING = YES;
				CLANG_WARN_BOOL_CONVERSION = YES;
				CLANG_WARN_COMMA = YES;
				CLANG_WARN_CONSTANT_CONVERSION = YES;
				CLANG_WARN_DEPRECATED_OBJC_IMPLEMENTATIONS = YES;
				CLANG_WARN_DIRECT_OBJC_ISA_USAGE = YES_ERROR;
				CLANG_WARN_DOCUMENTATION_COMMENTS = YES;
				CLANG_WARN_EMPTY_BODY = YES;
				CLANG_WARN_ENUM_CONVERSION = YES;
				CLANG_WARN_INFINITE_RECURSION = YES;
				CLANG_WARN_INT_CONVERSION = YES;
				CLANG_WARN_NON_LITERAL_NULL_CONVERSION = YES;
				CLANG_WARN_OBJC_IMPLICIT_RETAIN_SELF = YES;
				CLANG_WARN_OBJC_LITERAL_CONVERSION = YES;
				CLANG_WARN_OBJC_ROOT_CLASS = YES_ERROR;
				CLANG_WARN_QUOTED_INCLUDE_IN_FRAMEWORK_HEADER = YES;
				CLANG_WARN_RANGE_LOOP_ANALYSIS = YES;
				CLANG_WARN_STRICT_PROTOTYPES = YES;
				CLANG_WARN_SUSPICIOUS_MOVE = YES;
				CLANG_WARN_UNGUARDED_AVAILABILITY = YES_AGGRESSIVE;
				CLANG_WARN_UNREACHABLE_CODE = YES;
				CLANG_WARN__DUPLICATE_METHOD_MATCH = YES;
				COPY_PHASE_STRIP = NO;
				DEBUG_INFORMATION_FORMAT = dwarf;
				ENABLE_STRICT_OBJC_MSGSEND = YES;
				ENABLE_TESTABILITY = YES;
				ENABLE_USER_SCRIPT_SANDBOXING = YES;
				GCC_C_LANGUAGE_STANDARD = gnu17;
				GCC_DYNAMIC_NO_PIC = NO;
				GCC_NO_COMMON_BLOCKS = YES;
				GCC_OPTIMIZATION_LEVEL = 0;
				GCC_PREPROCESSOR_DEFINITIONS = (
					"DEBUG=1",
					"$(inherited)",
				);
				GCC_WARN_64_TO_32_BIT_CONVERSION = YES;
				GCC_WARN_ABOUT_RETURN_TYPE = YES_ERROR;
				GCC_WARN_UNDECLARED_SELECTOR = YES;
				GCC_WARN_UNINITIALIZED_AUTOS = YES_AGGRESSIVE;
				GCC_WARN_UNUSED_FUNCTION = YES;
				GCC_WARN_UNUSED_VARIABLE = YES;
				IPHONEOS_DEPLOYMENT_TARGET = 17.2;
				LOCALIZATION_PREFERS_STRING_CATALOGS = YES;
				MTL_ENABLE_DEBUG_INFO = INCLUDE_SOURCE;
				MTL_FAST_MATH = YES;
				ONLY_ACTIVE_ARCH = YES;
				SDKROOT = iphoneos;
				SWIFT_ACTIVE_COMPILATION_CONDITIONS = "DEBUG $(inherited)";
				SWIFT_OPTIMIZATION_LEVEL = "-Onone";
			};
			name = Debug;
		};
		D8D5404F2B44282900E12142 /* Release */ = {
			isa = XCBuildConfiguration;
			buildSettings = {
				ALWAYS_SEARCH_USER_PATHS = NO;
				ASSETCATALOG_COMPILER_GENERATE_SWIFT_ASSET_SYMBOL_EXTENSIONS = YES;
				CLANG_ANALYZER_NONNULL = YES;
				CLANG_ANALYZER_NUMBER_OBJECT_CONVERSION = YES_AGGRESSIVE;
				CLANG_CXX_LANGUAGE_STANDARD = "gnu++20";
				CLANG_ENABLE_MODULES = YES;
				CLANG_ENABLE_OBJC_ARC = YES;
				CLANG_ENABLE_OBJC_WEAK = YES;
				CLANG_WARN_BLOCK_CAPTURE_AUTORELEASING = YES;
				CLANG_WARN_BOOL_CONVERSION = YES;
				CLANG_WARN_COMMA = YES;
				CLANG_WARN_CONSTANT_CONVERSION = YES;
				CLANG_WARN_DEPRECATED_OBJC_IMPLEMENTATIONS = YES;
				CLANG_WARN_DIRECT_OBJC_ISA_USAGE = YES_ERROR;
				CLANG_WARN_DOCUMENTATION_COMMENTS = YES;
				CLANG_WARN_EMPTY_BODY = YES;
				CLANG_WARN_ENUM_CONVERSION = YES;
				CLANG_WARN_INFINITE_RECURSION = YES;
				CLANG_WARN_INT_CONVERSION = YES;
				CLANG_WARN_NON_LITERAL_NULL_CONVERSION = YES;
				CLANG_WARN_OBJC_IMPLICIT_RETAIN_SELF = YES;
				CLANG_WARN_OBJC_LITERAL_CONVERSION = YES;
				CLANG_WARN_OBJC_ROOT_CLASS = YES_ERROR;
				CLANG_WARN_QUOTED_INCLUDE_IN_FRAMEWORK_HEADER = YES;
				CLANG_WARN_RANGE_LOOP_ANALYSIS = YES;
				CLANG_WARN_STRICT_PROTOTYPES = YES;
				CLANG_WARN_SUSPICIOUS_MOVE = YES;
				CLANG_WARN_UNGUARDED_AVAILABILITY = YES_AGGRESSIVE;
				CLANG_WARN_UNREACHABLE_CODE = YES;
				CLANG_WARN__DUPLICATE_METHOD_MATCH = YES;
				COPY_PHASE_STRIP = NO;
				DEBUG_INFORMATION_FORMAT = "dwarf-with-dsym";
				ENABLE_NS_ASSERTIONS = NO;
				ENABLE_STRICT_OBJC_MSGSEND = YES;
				ENABLE_USER_SCRIPT_SANDBOXING = YES;
				GCC_C_LANGUAGE_STANDARD = gnu17;
				GCC_NO_COMMON_BLOCKS = YES;
				GCC_WARN_64_TO_32_BIT_CONVERSION = YES;
				GCC_WARN_ABOUT_RETURN_TYPE = YES_ERROR;
				GCC_WARN_UNDECLARED_SELECTOR = YES;
				GCC_WARN_UNINITIALIZED_AUTOS = YES_AGGRESSIVE;
				GCC_WARN_UNUSED_FUNCTION = YES;
				GCC_WARN_UNUSED_VARIABLE = YES;
				IPHONEOS_DEPLOYMENT_TARGET = 17.2;
				LOCALIZATION_PREFERS_STRING_CATALOGS = YES;
				MTL_ENABLE_DEBUG_INFO = NO;
				MTL_FAST_MATH = YES;
				SDKROOT = iphoneos;
				SWIFT_COMPILATION_MODE = wholemodule;
				VALIDATE_PRODUCT = YES;
			};
			name = Release;
		};
		D8D540512B44282900E12142 /* Debug */ = {
			isa = XCBuildConfiguration;
			buildSettings = {
				ASSETCATALOG_COMPILER_APPICON_NAME = AppIcon;
				ASSETCATALOG_COMPILER_GLOBAL_ACCENT_COLOR_NAME = AccentColor;
				CODE_SIGN_STYLE = Automatic;
				CURRENT_PROJECT_VERSION = 1;
				DEVELOPMENT_TEAM = W5Z68U98HJ;
				GENERATE_INFOPLIST_FILE = YES;
				INFOPLIST_FILE = NewYear/Info.plist;
				INFOPLIST_KEY_UIApplicationSupportsIndirectInputEvents = YES;
				INFOPLIST_KEY_UILaunchStoryboardName = LaunchScreen;
				INFOPLIST_KEY_UIMainStoryboardFile = Main;
				INFOPLIST_KEY_UISupportedInterfaceOrientations_iPad = "UIInterfaceOrientationPortrait UIInterfaceOrientationPortraitUpsideDown UIInterfaceOrientationLandscapeLeft UIInterfaceOrientationLandscapeRight";
				INFOPLIST_KEY_UISupportedInterfaceOrientations_iPhone = "UIInterfaceOrientationPortrait UIInterfaceOrientationLandscapeLeft UIInterfaceOrientationLandscapeRight";
				LD_RUNPATH_SEARCH_PATHS = (
					"$(inherited)",
					"@executable_path/Frameworks",
				);
				MARKETING_VERSION = 1.0;
				PRODUCT_BUNDLE_IDENTIFIER = com.yanni.NewYear;
				PRODUCT_NAME = "$(TARGET_NAME)";
				SWIFT_EMIT_LOC_STRINGS = YES;
				SWIFT_VERSION = 5.0;
				TARGETED_DEVICE_FAMILY = "1,2";
			};
			name = Debug;
		};
		D8D540522B44282900E12142 /* Release */ = {
			isa = XCBuildConfiguration;
			buildSettings = {
				ASSETCATALOG_COMPILER_APPICON_NAME = AppIcon;
				ASSETCATALOG_COMPILER_GLOBAL_ACCENT_COLOR_NAME = AccentColor;
				CODE_SIGN_STYLE = Automatic;
				CURRENT_PROJECT_VERSION = 1;
				DEVELOPMENT_TEAM = W5Z68U98HJ;
				GENERATE_INFOPLIST_FILE = YES;
				INFOPLIST_FILE = NewYear/Info.plist;
				INFOPLIST_KEY_UIApplicationSupportsIndirectInputEvents = YES;
				INFOPLIST_KEY_UILaunchStoryboardName = LaunchScreen;
				INFOPLIST_KEY_UIMainStoryboardFile = Main;
				INFOPLIST_KEY_UISupportedInterfaceOrientations_iPad = "UIInterfaceOrientationPortrait UIInterfaceOrientationPortraitUpsideDown UIInterfaceOrientationLandscapeLeft UIInterfaceOrientationLandscapeRight";
				INFOPLIST_KEY_UISupportedInterfaceOrientations_iPhone = "UIInterfaceOrientationPortrait UIInterfaceOrientationLandscapeLeft UIInterfaceOrientationLandscapeRight";
				LD_RUNPATH_SEARCH_PATHS = (
					"$(inherited)",
					"@executable_path/Frameworks",
				);
				MARKETING_VERSION = 1.0;
				PRODUCT_BUNDLE_IDENTIFIER = com.yanni.NewYear;
				PRODUCT_NAME = "$(TARGET_NAME)";
				SWIFT_EMIT_LOC_STRINGS = YES;
				SWIFT_VERSION = 5.0;
				TARGETED_DEVICE_FAMILY = "1,2";
			};
			name = Release;
		};
		D8D540542B44282900E12142 /* Debug */ = {
			isa = XCBuildConfiguration;
			buildSettings = {
				ALWAYS_EMBED_SWIFT_STANDARD_LIBRARIES = YES;
				BUNDLE_LOADER = "$(TEST_HOST)";
				CODE_SIGN_STYLE = Automatic;
				CURRENT_PROJECT_VERSION = 1;
				DEVELOPMENT_TEAM = W5Z68U98HJ;
				GENERATE_INFOPLIST_FILE = YES;
				IPHONEOS_DEPLOYMENT_TARGET = 17.2;
				MARKETING_VERSION = 1.0;
				PRODUCT_BUNDLE_IDENTIFIER = com.yanni.NewYearTests;
				PRODUCT_NAME = "$(TARGET_NAME)";
				SWIFT_EMIT_LOC_STRINGS = NO;
				SWIFT_VERSION = 5.0;
				TARGETED_DEVICE_FAMILY = "1,2";
				TEST_HOST = "$(BUILT_PRODUCTS_DIR)/NewYear.app/$(BUNDLE_EXECUTABLE_FOLDER_PATH)/NewYear";
			};
			name = Debug;
		};
		D8D540552B44282900E12142 /* Release */ = {
			isa = XCBuildConfiguration;
			buildSettings = {
				ALWAYS_EMBED_SWIFT_STANDARD_LIBRARIES = YES;
				BUNDLE_LOADER = "$(TEST_HOST)";
				CODE_SIGN_STYLE = Automatic;
				CURRENT_PROJECT_VERSION = 1;
				DEVELOPMENT_TEAM = W5Z68U98HJ;
				GENERATE_INFOPLIST_FILE = YES;
				IPHONEOS_DEPLOYMENT_TARGET = 17.2;
				MARKETING_VERSION = 1.0;
				PRODUCT_BUNDLE_IDENTIFIER = com.yanni.NewYearTests;
				PRODUCT_NAME = "$(TARGET_NAME)";
				SWIFT_EMIT_LOC_STRINGS = NO;
				SWIFT_VERSION = 5.0;
				TARGETED_DEVICE_FAMILY = "1,2";
				TEST_HOST = "$(BUILT_PRODUCTS_DIR)/NewYear.app/$(BUNDLE_EXECUTABLE_FOLDER_PATH)/NewYear";
			};
			name = Release;
		};
		D8D540572B44282900E12142 /* Debug */ = {
			isa = XCBuildConfiguration;
			buildSettings = {
				ALWAYS_EMBED_SWIFT_STANDARD_LIBRARIES = YES;
				CODE_SIGN_STYLE = Automatic;
				CURRENT_PROJECT_VERSION = 1;
				DEVELOPMENT_TEAM = W5Z68U98HJ;
				GENERATE_INFOPLIST_FILE = YES;
				MARKETING_VERSION = 1.0;
				PRODUCT_BUNDLE_IDENTIFIER = com.yanni.NewYearUITests;
				PRODUCT_NAME = "$(TARGET_NAME)";
				SWIFT_EMIT_LOC_STRINGS = NO;
				SWIFT_VERSION = 5.0;
				TARGETED_DEVICE_FAMILY = "1,2";
				TEST_TARGET_NAME = NewYear;
			};
			name = Debug;
		};
		D8D540582B44282900E12142 /* Release */ = {
			isa = XCBuildConfiguration;
			buildSettings = {
				ALWAYS_EMBED_SWIFT_STANDARD_LIBRARIES = YES;
				CODE_SIGN_STYLE = Automatic;
				CURRENT_PROJECT_VERSION = 1;
				DEVELOPMENT_TEAM = W5Z68U98HJ;
				GENERATE_INFOPLIST_FILE = YES;
				MARKETING_VERSION = 1.0;
				PRODUCT_BUNDLE_IDENTIFIER = com.yanni.NewYearUITests;
				PRODUCT_NAME = "$(TARGET_NAME)";
				SWIFT_EMIT_LOC_STRINGS = NO;
				SWIFT_VERSION = 5.0;
				TARGETED_DEVICE_FAMILY = "1,2";
				TEST_TARGET_NAME = NewYear;
			};
			name = Release;
		};
/* End XCBuildConfiguration section */

/* Begin XCConfigurationList section */
		D8D540212B44282600E12142 /* Build configuration list for PBXProject "NewYear" */ = {
			isa = XCConfigurationList;
			buildConfigurations = (
				D8D5404E2B44282900E12142 /* Debug */,
				D8D5404F2B44282900E12142 /* Release */,
			);
			defaultConfigurationIsVisible = 0;
			defaultConfigurationName = Release;
		};
		D8D540502B44282900E12142 /* Build configuration list for PBXNativeTarget "NewYear" */ = {
			isa = XCConfigurationList;
			buildConfigurations = (
				D8D540512B44282900E12142 /* Debug */,
				D8D540522B44282900E12142 /* Release */,
			);
			defaultConfigurationIsVisible = 0;
			defaultConfigurationName = Release;
		};
		D8D540532B44282900E12142 /* Build configuration list for PBXNativeTarget "NewYearTests" */ = {
			isa = XCConfigurationList;
			buildConfigurations = (
				D8D540542B44282900E12142 /* Debug */,
				D8D540552B44282900E12142 /* Release */,
			);
			defaultConfigurationIsVisible = 0;
			defaultConfigurationName = Release;
		};
		D8D540562B44282900E12142 /* Build configuration list for PBXNativeTarget "NewYearUITests" */ = {
			isa = XCConfigurationList;
			buildConfigurations = (
				D8D540572B44282900E12142 /* Debug */,
				D8D540582B44282900E12142 /* Release */,
			);
			defaultConfigurationIsVisible = 0;
			defaultConfigurationName = Release;
		};
/* End XCConfigurationList section */
	};
	rootObject = D8D5401E2B44282600E12142 /* Project object */;
}
