// !$*UTF8*$!
{
	archiveVersion = 1;
	classes = {
	};
	objectVersion = 56;
	objects = {

/* Begin PBXBuildFile section */
		D8A2943F2AAEBFEF0037D909 /* AppDelegate.swift in Sources */ = {isa = PBXBuildFile; fileRef = D8A2943E2AAEBFEF0037D909 /* AppDelegate.swift */; };
		D8A294412AAEBFEF0037D909 /* SceneDelegate.swift in Sources */ = {isa = PBXBuildFile; fileRef = D8A294402AAEBFEF0037D909 /* SceneDelegate.swift */; };
		D8A294432AAEBFEF0037D909 /* ViewController.swift in Sources */ = {isa = PBXBuildFile; fileRef = D8A294422AAEBFEF0037D909 /* ViewController.swift */; };
		D8A294462AAEBFEF0037D909 /* Main.storyboard in Resources */ = {isa = PBXBuildFile; fileRef = D8A294442AAEBFEF0037D909 /* Main.storyboard */; };
		D8A294482AAEBFF10037D909 /* Assets.xcassets in Resources */ = {isa = PBXBuildFile; fileRef = D8A294472AAEBFF10037D909 /* Assets.xcassets */; };
		D8A2944B2AAEBFF10037D909 /* LaunchScreen.storyboard in Resources */ = {isa = PBXBuildFile; fileRef = D8A294492AAEBFF10037D909 /* LaunchScreen.storyboard */; };
		D8A294562AAEBFF10037D909 /* stopwatchTests.swift in Sources */ = {isa = PBXBuildFile; fileRef = D8A294552AAEBFF10037D909 /* stopwatchTests.swift */; };
		D8A294602AAEBFF10037D909 /* stopwatchUITests.swift in Sources */ = {isa = PBXBuildFile; fileRef = D8A2945F2AAEBFF10037D909 /* stopwatchUITests.swift */; };
		D8A294622AAEBFF10037D909 /* stopwatchUITestsLaunchTests.swift in Sources */ = {isa = PBXBuildFile; fileRef = D8A294612AAEBFF10037D909 /* stopwatchUITestsLaunchTests.swift */; };
/* End PBXBuildFile section */

/* Begin PBXContainerItemProxy section */
		D8A294522AAEBFF10037D909 /* PBXContainerItemProxy */ = {
			isa = PBXContainerItemProxy;
			containerPortal = D8A294332AAEBFEF0037D909 /* Project object */;
			proxyType = 1;
			remoteGlobalIDString = D8A2943A2AAEBFEF0037D909;
			remoteInfo = stopwatch;
		};
		D8A2945C2AAEBFF10037D909 /* PBXContainerItemProxy */ = {
			isa = PBXContainerItemProxy;
			containerPortal = D8A294332AAEBFEF0037D909 /* Project object */;
			proxyType = 1;
			remoteGlobalIDString = D8A2943A2AAEBFEF0037D909;
			remoteInfo = stopwatch;
		};
/* End PBXContainerItemProxy section */

/* Begin PBXFileReference section */
		D8A2943B2AAEBFEF0037D909 /* stopwatch.app */ = {isa = PBXFileReference; explicitFileType = wrapper.application; includeInIndex = 0; path = stopwatch.app; sourceTree = BUILT_PRODUCTS_DIR; };
		D8A2943E2AAEBFEF0037D909 /* AppDelegate.swift */ = {isa = PBXFileReference; lastKnownFileType = sourcecode.swift; path = AppDelegate.swift; sourceTree = "<group>"; };
		D8A294402AAEBFEF0037D909 /* SceneDelegate.swift */ = {isa = PBXFileReference; lastKnownFileType = sourcecode.swift; path = SceneDelegate.swift; sourceTree = "<group>"; };
		D8A294422AAEBFEF0037D909 /* ViewController.swift */ = {isa = PBXFileReference; lastKnownFileType = sourcecode.swift; path = ViewController.swift; sourceTree = "<group>"; };
		D8A294452AAEBFEF0037D909 /* Base */ = {isa = PBXFileReference; lastKnownFileType = file.storyboard; name = Base; path = Base.lproj/Main.storyboard; sourceTree = "<group>"; };
		D8A294472AAEBFF10037D909 /* Assets.xcassets */ = {isa = PBXFileReference; lastKnownFileType = folder.assetcatalog; path = Assets.xcassets; sourceTree = "<group>"; };
		D8A2944A2AAEBFF10037D909 /* Base */ = {isa = PBXFileReference; lastKnownFileType = file.storyboard; name = Base; path = Base.lproj/LaunchScreen.storyboard; sourceTree = "<group>"; };
		D8A2944C2AAEBFF10037D909 /* Info.plist */ = {isa = PBXFileReference; lastKnownFileType = text.plist.xml; path = Info.plist; sourceTree = "<group>"; };
		D8A294512AAEBFF10037D909 /* stopwatchTests.xctest */ = {isa = PBXFileReference; explicitFileType = wrapper.cfbundle; includeInIndex = 0; path = stopwatchTests.xctest; sourceTree = BUILT_PRODUCTS_DIR; };
		D8A294552AAEBFF10037D909 /* stopwatchTests.swift */ = {isa = PBXFileReference; lastKnownFileType = sourcecode.swift; path = stopwatchTests.swift; sourceTree = "<group>"; };
		D8A2945B2AAEBFF10037D909 /* stopwatchUITests.xctest */ = {isa = PBXFileReference; explicitFileType = wrapper.cfbundle; includeInIndex = 0; path = stopwatchUITests.xctest; sourceTree = BUILT_PRODUCTS_DIR; };
		D8A2945F2AAEBFF10037D909 /* stopwatchUITests.swift */ = {isa = PBXFileReference; lastKnownFileType = sourcecode.swift; path = stopwatchUITests.swift; sourceTree = "<group>"; };
		D8A294612AAEBFF10037D909 /* stopwatchUITestsLaunchTests.swift */ = {isa = PBXFileReference; lastKnownFileType = sourcecode.swift; path = stopwatchUITestsLaunchTests.swift; sourceTree = "<group>"; };
/* End PBXFileReference section */

/* Begin PBXFrameworksBuildPhase section */
		D8A294382AAEBFEF0037D909 /* Frameworks */ = {
			isa = PBXFrameworksBuildPhase;
			buildActionMask = 2147483647;
			files = (
			);
			runOnlyForDeploymentPostprocessing = 0;
		};
		D8A2944E2AAEBFF10037D909 /* Frameworks */ = {
			isa = PBXFrameworksBuildPhase;
			buildActionMask = 2147483647;
			files = (
			);
			runOnlyForDeploymentPostprocessing = 0;
		};
		D8A294582AAEBFF10037D909 /* Frameworks */ = {
			isa = PBXFrameworksBuildPhase;
			buildActionMask = 2147483647;
			files = (
			);
			runOnlyForDeploymentPostprocessing = 0;
		};
/* End PBXFrameworksBuildPhase section */

/* Begin PBXGroup section */
		D8A294322AAEBFEF0037D909 = {
			isa = PBXGroup;
			children = (
				D8A2943D2AAEBFEF0037D909 /* stopwatch */,
				D8A294542AAEBFF10037D909 /* stopwatchTests */,
				D8A2945E2AAEBFF10037D909 /* stopwatchUITests */,
				D8A2943C2AAEBFEF0037D909 /* Products */,
			);
			sourceTree = "<group>";
		};
		D8A2943C2AAEBFEF0037D909 /* Products */ = {
			isa = PBXGroup;
			children = (
				D8A2943B2AAEBFEF0037D909 /* stopwatch.app */,
				D8A294512AAEBFF10037D909 /* stopwatchTests.xctest */,
				D8A2945B2AAEBFF10037D909 /* stopwatchUITests.xctest */,
			);
			name = Products;
			sourceTree = "<group>";
		};
		D8A2943D2AAEBFEF0037D909 /* stopwatch */ = {
			isa = PBXGroup;
			children = (
				D8A2943E2AAEBFEF0037D909 /* AppDelegate.swift */,
				D8A294402AAEBFEF0037D909 /* SceneDelegate.swift */,
				D8A294422AAEBFEF0037D909 /* ViewController.swift */,
				D8A294442AAEBFEF0037D909 /* Main.storyboard */,
				D8A294472AAEBFF10037D909 /* Assets.xcassets */,
				D8A294492AAEBFF10037D909 /* LaunchScreen.storyboard */,
				D8A2944C2AAEBFF10037D909 /* Info.plist */,
			);
			path = stopwatch;
			sourceTree = "<group>";
		};
		D8A294542AAEBFF10037D909 /* stopwatchTests */ = {
			isa = PBXGroup;
			children = (
				D8A294552AAEBFF10037D909 /* stopwatchTests.swift */,
			);
			path = stopwatchTests;
			sourceTree = "<group>";
		};
		D8A2945E2AAEBFF10037D909 /* stopwatchUITests */ = {
			isa = PBXGroup;
			children = (
				D8A2945F2AAEBFF10037D909 /* stopwatchUITests.swift */,
				D8A294612AAEBFF10037D909 /* stopwatchUITestsLaunchTests.swift */,
			);
			path = stopwatchUITests;
			sourceTree = "<group>";
		};
/* End PBXGroup section */

/* Begin PBXNativeTarget section */
		D8A2943A2AAEBFEF0037D909 /* stopwatch */ = {
			isa = PBXNativeTarget;
			buildConfigurationList = D8A294652AAEBFF10037D909 /* Build configuration list for PBXNativeTarget "stopwatch" */;
			buildPhases = (
				D8A294372AAEBFEF0037D909 /* Sources */,
				D8A294382AAEBFEF0037D909 /* Frameworks */,
				D8A294392AAEBFEF0037D909 /* Resources */,
			);
			buildRules = (
			);
			dependencies = (
			);
			name = stopwatch;
			productName = stopwatch;
			productReference = D8A2943B2AAEBFEF0037D909 /* stopwatch.app */;
			productType = "com.apple.product-type.application";
		};
		D8A294502AAEBFF10037D909 /* stopwatchTests */ = {
			isa = PBXNativeTarget;
			buildConfigurationList = D8A294682AAEBFF10037D909 /* Build configuration list for PBXNativeTarget "stopwatchTests" */;
			buildPhases = (
				D8A2944D2AAEBFF10037D909 /* Sources */,
				D8A2944E2AAEBFF10037D909 /* Frameworks */,
				D8A2944F2AAEBFF10037D909 /* Resources */,
			);
			buildRules = (
			);
			dependencies = (
				D8A294532AAEBFF10037D909 /* PBXTargetDependency */,
			);
			name = stopwatchTests;
			productName = stopwatchTests;
			productReference = D8A294512AAEBFF10037D909 /* stopwatchTests.xctest */;
			productType = "com.apple.product-type.bundle.unit-test";
		};
		D8A2945A2AAEBFF10037D909 /* stopwatchUITests */ = {
			isa = PBXNativeTarget;
			buildConfigurationList = D8A2946B2AAEBFF10037D909 /* Build configuration list for PBXNativeTarget "stopwatchUITests" */;
			buildPhases = (
				D8A294572AAEBFF10037D909 /* Sources */,
				D8A294582AAEBFF10037D909 /* Frameworks */,
				D8A294592AAEBFF10037D909 /* Resources */,
			);
			buildRules = (
			);
			dependencies = (
				D8A2945D2AAEBFF10037D909 /* PBXTargetDependency */,
			);
			name = stopwatchUITests;
			productName = stopwatchUITests;
			productReference = D8A2945B2AAEBFF10037D909 /* stopwatchUITests.xctest */;
			productType = "com.apple.product-type.bundle.ui-testing";
		};
/* End PBXNativeTarget section */

/* Begin PBXProject section */
		D8A294332AAEBFEF0037D909 /* Project object */ = {
			isa = PBXProject;
			attributes = {
				BuildIndependentTargetsInParallel = 1;
				LastSwiftUpdateCheck = 1430;
				LastUpgradeCheck = 1430;
				TargetAttributes = {
					D8A2943A2AAEBFEF0037D909 = {
						CreatedOnToolsVersion = 14.3.1;
					};
					D8A294502AAEBFF10037D909 = {
						CreatedOnToolsVersion = 14.3.1;
						TestTargetID = D8A2943A2AAEBFEF0037D909;
					};
					D8A2945A2AAEBFF10037D909 = {
						CreatedOnToolsVersion = 14.3.1;
						TestTargetID = D8A2943A2AAEBFEF0037D909;
					};
				};
			};
			buildConfigurationList = D8A294362AAEBFEF0037D909 /* Build configuration list for PBXProject "stopwatch" */;
			compatibilityVersion = "Xcode 14.0";
			developmentRegion = en;
			hasScannedForEncodings = 0;
			knownRegions = (
				en,
				Base,
			);
			mainGroup = D8A294322AAEBFEF0037D909;
			productRefGroup = D8A2943C2AAEBFEF0037D909 /* Products */;
			projectDirPath = "";
			projectRoot = "";
			targets = (
				D8A2943A2AAEBFEF0037D909 /* stopwatch */,
				D8A294502AAEBFF10037D909 /* stopwatchTests */,
				D8A2945A2AAEBFF10037D909 /* stopwatchUITests */,
			);
		};
/* End PBXProject section */

/* Begin PBXResourcesBuildPhase section */
		D8A294392AAEBFEF0037D909 /* Resources */ = {
			isa = PBXResourcesBuildPhase;
			buildActionMask = 2147483647;
			files = (
				D8A2944B2AAEBFF10037D909 /* LaunchScreen.storyboard in Resources */,
				D8A294482AAEBFF10037D909 /* Assets.xcassets in Resources */,
				D8A294462AAEBFEF0037D909 /* Main.storyboard in Resources */,
			);
			runOnlyForDeploymentPostprocessing = 0;
		};
		D8A2944F2AAEBFF10037D909 /* Resources */ = {
			isa = PBXResourcesBuildPhase;
			buildActionMask = 2147483647;
			files = (
			);
			runOnlyForDeploymentPostprocessing = 0;
		};
		D8A294592AAEBFF10037D909 /* Resources */ = {
			isa = PBXResourcesBuildPhase;
			buildActionMask = 2147483647;
			files = (
			);
			runOnlyForDeploymentPostprocessing = 0;
		};
/* End PBXResourcesBuildPhase section */

/* Begin PBXSourcesBuildPhase section */
		D8A294372AAEBFEF0037D909 /* Sources */ = {
			isa = PBXSourcesBuildPhase;
			buildActionMask = 2147483647;
			files = (
				D8A294432AAEBFEF0037D909 /* ViewController.swift in Sources */,
				D8A2943F2AAEBFEF0037D909 /* AppDelegate.swift in Sources */,
				D8A294412AAEBFEF0037D909 /* SceneDelegate.swift in Sources */,
			);
			runOnlyForDeploymentPostprocessing = 0;
		};
		D8A2944D2AAEBFF10037D909 /* Sources */ = {
			isa = PBXSourcesBuildPhase;
			buildActionMask = 2147483647;
			files = (
				D8A294562AAEBFF10037D909 /* stopwatchTests.swift in Sources */,
			);
			runOnlyForDeploymentPostprocessing = 0;
		};
		D8A294572AAEBFF10037D909 /* Sources */ = {
			isa = PBXSourcesBuildPhase;
			buildActionMask = 2147483647;
			files = (
				D8A294622AAEBFF10037D909 /* stopwatchUITestsLaunchTests.swift in Sources */,
				D8A294602AAEBFF10037D909 /* stopwatchUITests.swift in Sources */,
			);
			runOnlyForDeploymentPostprocessing = 0;
		};
/* End PBXSourcesBuildPhase section */

/* Begin PBXTargetDependency section */
		D8A294532AAEBFF10037D909 /* PBXTargetDependency */ = {
			isa = PBXTargetDependency;
			target = D8A2943A2AAEBFEF0037D909 /* stopwatch */;
			targetProxy = D8A294522AAEBFF10037D909 /* PBXContainerItemProxy */;
		};
		D8A2945D2AAEBFF10037D909 /* PBXTargetDependency */ = {
			isa = PBXTargetDependency;
			target = D8A2943A2AAEBFEF0037D909 /* stopwatch */;
			targetProxy = D8A2945C2AAEBFF10037D909 /* PBXContainerItemProxy */;
		};
/* End PBXTargetDependency section */

/* Begin PBXVariantGroup section */
		D8A294442AAEBFEF0037D909 /* Main.storyboard */ = {
			isa = PBXVariantGroup;
			children = (
				D8A294452AAEBFEF0037D909 /* Base */,
			);
			name = Main.storyboard;
			sourceTree = "<group>";
		};
		D8A294492AAEBFF10037D909 /* LaunchScreen.storyboard */ = {
			isa = PBXVariantGroup;
			children = (
				D8A2944A2AAEBFF10037D909 /* Base */,
			);
			name = LaunchScreen.storyboard;
			sourceTree = "<group>";
		};
/* End PBXVariantGroup section */

/* Begin XCBuildConfiguration section */
		D8A294632AAEBFF10037D909 /* Debug */ = {
			isa = XCBuildConfiguration;
			buildSettings = {
				ALWAYS_SEARCH_USER_PATHS = NO;
				CLANG_ANALYZER_NONNULL = YES;
				CLANG_ANALYZER_NUMBER_OBJECT_CONVERSION = YES_AGGRESSIVE;
				CLANG_CXX_LANGUAGE_STANDARD = "gnu++20";
				CLANG_ENABLE_MODULES = YES;
				CLANG_ENABLE_OBJC_ARC = YES;
				CLANG_ENABLE_OBJC_WEAK = YES;
				CLANG_WARN_BLOCK_CAPTURE_AUTORELEASING = YES;
				CLANG_WARN_BOOL_CONVERSION = YES;
				CLANG_WARN_COMMA = YES;
				CLANG_WARN_CONSTANT_CONVERSION = YES;
				CLANG_WARN_DEPRECATED_OBJC_IMPLEMENTATIONS = YES;
				CLANG_WARN_DIRECT_OBJC_ISA_USAGE = YES_ERROR;
				CLANG_WARN_DOCUMENTATION_COMMENTS = YES;
				CLANG_WARN_EMPTY_BODY = YES;
				CLANG_WARN_ENUM_CONVERSION = YES;
				CLANG_WARN_INFINITE_RECURSION = YES;
				CLANG_WARN_INT_CONVERSION = YES;
				CLANG_WARN_NON_LITERAL_NULL_CONVERSION = YES;
				CLANG_WARN_OBJC_IMPLICIT_RETAIN_SELF = YES;
				CLANG_WARN_OBJC_LITERAL_CONVERSION = YES;
				CLANG_WARN_OBJC_ROOT_CLASS = YES_ERROR;
				CLANG_WARN_QUOTED_INCLUDE_IN_FRAMEWORK_HEADER = YES;
				CLANG_WARN_RANGE_LOOP_ANALYSIS = YES;
				CLANG_WARN_STRICT_PROTOTYPES = YES;
				CLANG_WARN_SUSPICIOUS_MOVE = YES;
				CLANG_WARN_UNGUARDED_AVAILABILITY = YES_AGGRESSIVE;
				CLANG_WARN_UNREACHABLE_CODE = YES;
				CLANG_WARN__DUPLICATE_METHOD_MATCH = YES;
				COPY_PHASE_STRIP = NO;
				DEBUG_INFORMATION_FORMAT = dwarf;
				ENABLE_STRICT_OBJC_MSGSEND = YES;
				ENABLE_TESTABILITY = YES;
				GCC_C_LANGUAGE_STANDARD = gnu11;
				GCC_DYNAMIC_NO_PIC = NO;
				GCC_NO_COMMON_BLOCKS = YES;
				GCC_OPTIMIZATION_LEVEL = 0;
				GCC_PREPROCESSOR_DEFINITIONS = (
					"DEBUG=1",
					"$(inherited)",
				);
				GCC_WARN_64_TO_32_BIT_CONVERSION = YES;
				GCC_WARN_ABOUT_RETURN_TYPE = YES_ERROR;
				GCC_WARN_UNDECLARED_SELECTOR = YES;
				GCC_WARN_UNINITIALIZED_AUTOS = YES_AGGRESSIVE;
				GCC_WARN_UNUSED_FUNCTION = YES;
				GCC_WARN_UNUSED_VARIABLE = YES;
				IPHONEOS_DEPLOYMENT_TARGET = 16.4;
				MTL_ENABLE_DEBUG_INFO = INCLUDE_SOURCE;
				MTL_FAST_MATH = YES;
				ONLY_ACTIVE_ARCH = YES;
				SDKROOT = iphoneos;
				SWIFT_ACTIVE_COMPILATION_CONDITIONS = DEBUG;
				SWIFT_OPTIMIZATION_LEVEL = "-Onone";
			};
			name = Debug;
		};
		D8A294642AAEBFF10037D909 /* Release */ = {
			isa = XCBuildConfiguration;
			buildSettings = {
				ALWAYS_SEARCH_USER_PATHS = NO;
				CLANG_ANALYZER_NONNULL = YES;
				CLANG_ANALYZER_NUMBER_OBJECT_CONVERSION = YES_AGGRESSIVE;
				CLANG_CXX_LANGUAGE_STANDARD = "gnu++20";
				CLANG_ENABLE_MODULES = YES;
				CLANG_ENABLE_OBJC_ARC = YES;
				CLANG_ENABLE_OBJC_WEAK = YES;
				CLANG_WARN_BLOCK_CAPTURE_AUTORELEASING = YES;
				CLANG_WARN_BOOL_CONVERSION = YES;
				CLANG_WARN_COMMA = YES;
				CLANG_WARN_CONSTANT_CONVERSION = YES;
				CLANG_WARN_DEPRECATED_OBJC_IMPLEMENTATIONS = YES;
				CLANG_WARN_DIRECT_OBJC_ISA_USAGE = YES_ERROR;
				CLANG_WARN_DOCUMENTATION_COMMENTS = YES;
				CLANG_WARN_EMPTY_BODY = YES;
				CLANG_WARN_ENUM_CONVERSION = YES;
				CLANG_WARN_INFINITE_RECURSION = YES;
				CLANG_WARN_INT_CONVERSION = YES;
				CLANG_WARN_NON_LITERAL_NULL_CONVERSION = YES;
				CLANG_WARN_OBJC_IMPLICIT_RETAIN_SELF = YES;
				CLANG_WARN_OBJC_LITERAL_CONVERSION = YES;
				CLANG_WARN_OBJC_ROOT_CLASS = YES_ERROR;
				CLANG_WARN_QUOTED_INCLUDE_IN_FRAMEWORK_HEADER = YES;
				CLANG_WARN_RANGE_LOOP_ANALYSIS = YES;
				CLANG_WARN_STRICT_PROTOTYPES = YES;
				CLANG_WARN_SUSPICIOUS_MOVE = YES;
				CLANG_WARN_UNGUARDED_AVAILABILITY = YES_AGGRESSIVE;
				CLANG_WARN_UNREACHABLE_CODE = YES;
				CLANG_WARN__DUPLICATE_METHOD_MATCH = YES;
				COPY_PHASE_STRIP = NO;
				DEBUG_INFORMATION_FORMAT = "dwarf-with-dsym";
				ENABLE_NS_ASSERTIONS = NO;
				ENABLE_STRICT_OBJC_MSGSEND = YES;
				GCC_C_LANGUAGE_STANDARD = gnu11;
				GCC_NO_COMMON_BLOCKS = YES;
				GCC_WARN_64_TO_32_BIT_CONVERSION = YES;
				GCC_WARN_ABOUT_RETURN_TYPE = YES_ERROR;
				GCC_WARN_UNDECLARED_SELECTOR = YES;
				GCC_WARN_UNINITIALIZED_AUTOS = YES_AGGRESSIVE;
				GCC_WARN_UNUSED_FUNCTION = YES;
				GCC_WARN_UNUSED_VARIABLE = YES;
				IPHONEOS_DEPLOYMENT_TARGET = 16.4;
				MTL_ENABLE_DEBUG_INFO = NO;
				MTL_FAST_MATH = YES;
				SDKROOT = iphoneos;
				SWIFT_COMPILATION_MODE = wholemodule;
				SWIFT_OPTIMIZATION_LEVEL = "-O";
				VALIDATE_PRODUCT = YES;
			};
			name = Release;
		};
		D8A294662AAEBFF10037D909 /* Debug */ = {
			isa = XCBuildConfiguration;
			buildSettings = {
				ASSETCATALOG_COMPILER_APPICON_NAME = AppIcon;
				ASSETCATALOG_COMPILER_GLOBAL_ACCENT_COLOR_NAME = AccentColor;
				CODE_SIGN_STYLE = Automatic;
				CURRENT_PROJECT_VERSION = 1;
				DEVELOPMENT_TEAM = W5Z68U98HJ;
				GENERATE_INFOPLIST_FILE = YES;
				INFOPLIST_FILE = stopwatch/Info.plist;
				INFOPLIST_KEY_UIApplicationSupportsIndirectInputEvents = YES;
				INFOPLIST_KEY_UILaunchStoryboardName = LaunchScreen;
				INFOPLIST_KEY_UIMainStoryboardFile = Main;
				INFOPLIST_KEY_UISupportedInterfaceOrientations_iPad = "UIInterfaceOrientationPortrait UIInterfaceOrientationPortraitUpsideDown UIInterfaceOrientationLandscapeLeft UIInterfaceOrientationLandscapeRight";
				INFOPLIST_KEY_UISupportedInterfaceOrientations_iPhone = "UIInterfaceOrientationPortrait UIInterfaceOrientationLandscapeLeft UIInterfaceOrientationLandscapeRight";
				LD_RUNPATH_SEARCH_PATHS = (
					"$(inherited)",
					"@executable_path/Frameworks",
				);
				MARKETING_VERSION = 1.0;
				PRODUCT_BUNDLE_IDENTIFIER = com.yanni.stopwatch;
				PRODUCT_NAME = "$(TARGET_NAME)";
				SWIFT_EMIT_LOC_STRINGS = YES;
				SWIFT_VERSION = 5.0;
				TARGETED_DEVICE_FAMILY = "1,2";
			};
			name = Debug;
		};
		D8A294672AAEBFF10037D909 /* Release */ = {
			isa = XCBuildConfiguration;
			buildSettings = {
				ASSETCATALOG_COMPILER_APPICON_NAME = AppIcon;
				ASSETCATALOG_COMPILER_GLOBAL_ACCENT_COLOR_NAME = AccentColor;
				CODE_SIGN_STYLE = Automatic;
				CURRENT_PROJECT_VERSION = 1;
				DEVELOPMENT_TEAM = W5Z68U98HJ;
				GENERATE_INFOPLIST_FILE = YES;
				INFOPLIST_FILE = stopwatch/Info.plist;
				INFOPLIST_KEY_UIApplicationSupportsIndirectInputEvents = YES;
				INFOPLIST_KEY_UILaunchStoryboardName = LaunchScreen;
				INFOPLIST_KEY_UIMainStoryboardFile = Main;
				INFOPLIST_KEY_UISupportedInterfaceOrientations_iPad = "UIInterfaceOrientationPortrait UIInterfaceOrientationPortraitUpsideDown UIInterfaceOrientationLandscapeLeft UIInterfaceOrientationLandscapeRight";
				INFOPLIST_KEY_UISupportedInterfaceOrientations_iPhone = "UIInterfaceOrientationPortrait UIInterfaceOrientationLandscapeLeft UIInterfaceOrientationLandscapeRight";
				LD_RUNPATH_SEARCH_PATHS = (
					"$(inherited)",
					"@executable_path/Frameworks",
				);
				MARKETING_VERSION = 1.0;
				PRODUCT_BUNDLE_IDENTIFIER = com.yanni.stopwatch;
				PRODUCT_NAME = "$(TARGET_NAME)";
				SWIFT_EMIT_LOC_STRINGS = YES;
				SWIFT_VERSION = 5.0;
				TARGETED_DEVICE_FAMILY = "1,2";
			};
			name = Release;
		};
		D8A294692AAEBFF10037D909 /* Debug */ = {
			isa = XCBuildConfiguration;
			buildSettings = {
				ALWAYS_EMBED_SWIFT_STANDARD_LIBRARIES = YES;
				BUNDLE_LOADER = "$(TEST_HOST)";
				CODE_SIGN_STYLE = Automatic;
				CURRENT_PROJECT_VERSION = 1;
				DEVELOPMENT_TEAM = W5Z68U98HJ;
				GENERATE_INFOPLIST_FILE = YES;
				IPHONEOS_DEPLOYMENT_TARGET = 16.4;
				MARKETING_VERSION = 1.0;
				PRODUCT_BUNDLE_IDENTIFIER = com.yanni.stopwatchTests;
				PRODUCT_NAME = "$(TARGET_NAME)";
				SWIFT_EMIT_LOC_STRINGS = NO;
				SWIFT_VERSION = 5.0;
				TARGETED_DEVICE_FAMILY = "1,2";
				TEST_HOST = "$(BUILT_PRODUCTS_DIR)/stopwatch.app/$(BUNDLE_EXECUTABLE_FOLDER_PATH)/stopwatch";
			};
			name = Debug;
		};
		D8A2946A2AAEBFF10037D909 /* Release */ = {
			isa = XCBuildConfiguration;
			buildSettings = {
				ALWAYS_EMBED_SWIFT_STANDARD_LIBRARIES = YES;
				BUNDLE_LOADER = "$(TEST_HOST)";
				CODE_SIGN_STYLE = Automatic;
				CURRENT_PROJECT_VERSION = 1;
				DEVELOPMENT_TEAM = W5Z68U98HJ;
				GENERATE_INFOPLIST_FILE = YES;
				IPHONEOS_DEPLOYMENT_TARGET = 16.4;
				MARKETING_VERSION = 1.0;
				PRODUCT_BUNDLE_IDENTIFIER = com.yanni.stopwatchTests;
				PRODUCT_NAME = "$(TARGET_NAME)";
				SWIFT_EMIT_LOC_STRINGS = NO;
				SWIFT_VERSION = 5.0;
				TARGETED_DEVICE_FAMILY = "1,2";
				TEST_HOST = "$(BUILT_PRODUCTS_DIR)/stopwatch.app/$(BUNDLE_EXECUTABLE_FOLDER_PATH)/stopwatch";
			};
			name = Release;
		};
		D8A2946C2AAEBFF10037D909 /* Debug */ = {
			isa = XCBuildConfiguration;
			buildSettings = {
				ALWAYS_EMBED_SWIFT_STANDARD_LIBRARIES = YES;
				CODE_SIGN_STYLE = Automatic;
				CURRENT_PROJECT_VERSION = 1;
				DEVELOPMENT_TEAM = W5Z68U98HJ;
				GENERATE_INFOPLIST_FILE = YES;
				MARKETING_VERSION = 1.0;
				PRODUCT_BUNDLE_IDENTIFIER = com.yanni.stopwatchUITests;
				PRODUCT_NAME = "$(TARGET_NAME)";
				SWIFT_EMIT_LOC_STRINGS = NO;
				SWIFT_VERSION = 5.0;
				TARGETED_DEVICE_FAMILY = "1,2";
				TEST_TARGET_NAME = stopwatch;
			};
			name = Debug;
		};
		D8A2946D2AAEBFF10037D909 /* Release */ = {
			isa = XCBuildConfiguration;
			buildSettings = {
				ALWAYS_EMBED_SWIFT_STANDARD_LIBRARIES = YES;
				CODE_SIGN_STYLE = Automatic;
				CURRENT_PROJECT_VERSION = 1;
				DEVELOPMENT_TEAM = W5Z68U98HJ;
				GENERATE_INFOPLIST_FILE = YES;
				MARKETING_VERSION = 1.0;
				PRODUCT_BUNDLE_IDENTIFIER = com.yanni.stopwatchUITests;
				PRODUCT_NAME = "$(TARGET_NAME)";
				SWIFT_EMIT_LOC_STRINGS = NO;
				SWIFT_VERSION = 5.0;
				TARGETED_DEVICE_FAMILY = "1,2";
				TEST_TARGET_NAME = stopwatch;
			};
			name = Release;
		};
/* End XCBuildConfiguration section */

/* Begin XCConfigurationList section */
		D8A294362AAEBFEF0037D909 /* Build configuration list for PBXProject "stopwatch" */ = {
			isa = XCConfigurationList;
			buildConfigurations = (
				D8A294632AAEBFF10037D909 /* Debug */,
				D8A294642AAEBFF10037D909 /* Release */,
			);
			defaultConfigurationIsVisible = 0;
			defaultConfigurationName = Release;
		};
		D8A294652AAEBFF10037D909 /* Build configuration list for PBXNativeTarget "stopwatch" */ = {
			isa = XCConfigurationList;
			buildConfigurations = (
				D8A294662AAEBFF10037D909 /* Debug */,
				D8A294672AAEBFF10037D909 /* Release */,
			);
			defaultConfigurationIsVisible = 0;
			defaultConfigurationName = Release;
		};
		D8A294682AAEBFF10037D909 /* Build configuration list for PBXNativeTarget "stopwatchTests" */ = {
			isa = XCConfigurationList;
			buildConfigurations = (
				D8A294692AAEBFF10037D909 /* Debug */,
				D8A2946A2AAEBFF10037D909 /* Release */,
			);
			defaultConfigurationIsVisible = 0;
			defaultConfigurationName = Release;
		};
		D8A2946B2AAEBFF10037D909 /* Build configuration list for PBXNativeTarget "stopwatchUITests" */ = {
			isa = XCConfigurationList;
			buildConfigurations = (
				D8A2946C2AAEBFF10037D909 /* Debug */,
				D8A2946D2AAEBFF10037D909 /* Release */,
			);
			defaultConfigurationIsVisible = 0;
			defaultConfigurationName = Release;
		};
/* End XCConfigurationList section */
	};
	rootObject = D8A294332AAEBFEF0037D909 /* Project object */;
}
