// !$*UTF8*$!
{
	archiveVersion = 1;
	classes = {
	};
	objectVersion = 56;
	objects = {

/* Begin PBXBuildFile section */
		D811913F2AC85369007E450C /* AppDelegate.swift in Sources */ = {isa = PBXBuildFile; fileRef = D811913E2AC85369007E450C /* AppDelegate.swift */; };
		D81191412AC85369007E450C /* SceneDelegate.swift in Sources */ = {isa = PBXBuildFile; fileRef = D81191402AC85369007E450C /* SceneDelegate.swift */; };
		D81191432AC85369007E450C /* TableViewController.swift in Sources */ = {isa = PBXBuildFile; fileRef = D81191422AC85369007E450C /* TableViewController.swift */; };
		D81191462AC85369007E450C /* Main.storyboard in Resources */ = {isa = PBXBuildFile; fileRef = D81191442AC85369007E450C /* Main.storyboard */; };
		D81191482AC8536B007E450C /* Assets.xcassets in Resources */ = {isa = PBXBuildFile; fileRef = D81191472AC8536B007E450C /* Assets.xcassets */; };
		D811914B2AC8536B007E450C /* LaunchScreen.storyboard in Resources */ = {isa = PBXBuildFile; fileRef = D81191492AC8536B007E450C /* LaunchScreen.storyboard */; };
		D81191562AC8536B007E450C /* CandySearchTests.swift in Sources */ = {isa = PBXBuildFile; fileRef = D81191552AC8536B007E450C /* CandySearchTests.swift */; };
		D81191602AC8536B007E450C /* CandySearchUITests.swift in Sources */ = {isa = PBXBuildFile; fileRef = D811915F2AC8536B007E450C /* CandySearchUITests.swift */; };
		D81191622AC8536B007E450C /* CandySearchUITestsLaunchTests.swift in Sources */ = {isa = PBXBuildFile; fileRef = D81191612AC8536B007E450C /* CandySearchUITestsLaunchTests.swift */; };
		D811916F2AC854E0007E450C /* TableViewCell.swift in Sources */ = {isa = PBXBuildFile; fileRef = D811916E2AC854E0007E450C /* TableViewCell.swift */; };
		D81191712AC85752007E450C /* Candy.swift in Sources */ = {isa = PBXBuildFile; fileRef = D81191702AC85752007E450C /* Candy.swift */; };
		D81191732AC86637007E450C /* TableViewDetail.swift in Sources */ = {isa = PBXBuildFile; fileRef = D81191722AC86637007E450C /* TableViewDetail.swift */; };
/* End PBXBuildFile section */

/* Begin PBXContainerItemProxy section */
		D81191522AC8536B007E450C /* PBXContainerItemProxy */ = {
			isa = PBXContainerItemProxy;
			containerPortal = D81191332AC85369007E450C /* Project object */;
			proxyType = 1;
			remoteGlobalIDString = D811913A2AC85369007E450C;
			remoteInfo = CandySearch;
		};
		D811915C2AC8536B007E450C /* PBXContainerItemProxy */ = {
			isa = PBXContainerItemProxy;
			containerPortal = D81191332AC85369007E450C /* Project object */;
			proxyType = 1;
			remoteGlobalIDString = D811913A2AC85369007E450C;
			remoteInfo = CandySearch;
		};
/* End PBXContainerItemProxy section */

/* Begin PBXFileReference section */
		D811913B2AC85369007E450C /* CandySearch.app */ = {isa = PBXFileReference; explicitFileType = wrapper.application; includeInIndex = 0; path = CandySearch.app; sourceTree = BUILT_PRODUCTS_DIR; };
		D811913E2AC85369007E450C /* AppDelegate.swift */ = {isa = PBXFileReference; lastKnownFileType = sourcecode.swift; path = AppDelegate.swift; sourceTree = "<group>"; };
		D81191402AC85369007E450C /* SceneDelegate.swift */ = {isa = PBXFileReference; lastKnownFileType = sourcecode.swift; path = SceneDelegate.swift; sourceTree = "<group>"; };
		D81191422AC85369007E450C /* TableViewController.swift */ = {isa = PBXFileReference; lastKnownFileType = sourcecode.swift; path = TableViewController.swift; sourceTree = "<group>"; };
		D81191452AC85369007E450C /* Base */ = {isa = PBXFileReference; lastKnownFileType = file.storyboard; name = Base; path = Base.lproj/Main.storyboard; sourceTree = "<group>"; };
		D81191472AC8536B007E450C /* Assets.xcassets */ = {isa = PBXFileReference; lastKnownFileType = folder.assetcatalog; path = Assets.xcassets; sourceTree = "<group>"; };
		D811914A2AC8536B007E450C /* Base */ = {isa = PBXFileReference; lastKnownFileType = file.storyboard; name = Base; path = Base.lproj/LaunchScreen.storyboard; sourceTree = "<group>"; };
		D811914C2AC8536B007E450C /* Info.plist */ = {isa = PBXFileReference; lastKnownFileType = text.plist.xml; path = Info.plist; sourceTree = "<group>"; };
		D81191512AC8536B007E450C /* CandySearchTests.xctest */ = {isa = PBXFileReference; explicitFileType = wrapper.cfbundle; includeInIndex = 0; path = CandySearchTests.xctest; sourceTree = BUILT_PRODUCTS_DIR; };
		D81191552AC8536B007E450C /* CandySearchTests.swift */ = {isa = PBXFileReference; lastKnownFileType = sourcecode.swift; path = CandySearchTests.swift; sourceTree = "<group>"; };
		D811915B2AC8536B007E450C /* CandySearchUITests.xctest */ = {isa = PBXFileReference; explicitFileType = wrapper.cfbundle; includeInIndex = 0; path = CandySearchUITests.xctest; sourceTree = BUILT_PRODUCTS_DIR; };
		D811915F2AC8536B007E450C /* CandySearchUITests.swift */ = {isa = PBXFileReference; lastKnownFileType = sourcecode.swift; path = CandySearchUITests.swift; sourceTree = "<group>"; };
		D81191612AC8536B007E450C /* CandySearchUITestsLaunchTests.swift */ = {isa = PBXFileReference; lastKnownFileType = sourcecode.swift; path = CandySearchUITestsLaunchTests.swift; sourceTree = "<group>"; };
		D811916E2AC854E0007E450C /* TableViewCell.swift */ = {isa = PBXFileReference; lastKnownFileType = sourcecode.swift; path = TableViewCell.swift; sourceTree = "<group>"; };
		D81191702AC85752007E450C /* Candy.swift */ = {isa = PBXFileReference; lastKnownFileType = sourcecode.swift; path = Candy.swift; sourceTree = "<group>"; };
		D81191722AC86637007E450C /* TableViewDetail.swift */ = {isa = PBXFileReference; lastKnownFileType = sourcecode.swift; path = TableViewDetail.swift; sourceTree = "<group>"; };
/* End PBXFileReference section */

/* Begin PBXFrameworksBuildPhase section */
		D81191382AC85369007E450C /* Frameworks */ = {
			isa = PBXFrameworksBuildPhase;
			buildActionMask = 2147483647;
			files = (
			);
			runOnlyForDeploymentPostprocessing = 0;
		};
		D811914E2AC8536B007E450C /* Frameworks */ = {
			isa = PBXFrameworksBuildPhase;
			buildActionMask = 2147483647;
			files = (
			);
			runOnlyForDeploymentPostprocessing = 0;
		};
		D81191582AC8536B007E450C /* Frameworks */ = {
			isa = PBXFrameworksBuildPhase;
			buildActionMask = 2147483647;
			files = (
			);
			runOnlyForDeploymentPostprocessing = 0;
		};
/* End PBXFrameworksBuildPhase section */

/* Begin PBXGroup section */
		D81191322AC85369007E450C = {
			isa = PBXGroup;
			children = (
				D811913D2AC85369007E450C /* CandySearch */,
				D81191542AC8536B007E450C /* CandySearchTests */,
				D811915E2AC8536B007E450C /* CandySearchUITests */,
				D811913C2AC85369007E450C /* Products */,
			);
			sourceTree = "<group>";
		};
		D811913C2AC85369007E450C /* Products */ = {
			isa = PBXGroup;
			children = (
				D811913B2AC85369007E450C /* CandySearch.app */,
				D81191512AC8536B007E450C /* CandySearchTests.xctest */,
				D811915B2AC8536B007E450C /* CandySearchUITests.xctest */,
			);
			name = Products;
			sourceTree = "<group>";
		};
		D811913D2AC85369007E450C /* CandySearch */ = {
			isa = PBXGroup;
			children = (
				D811913E2AC85369007E450C /* AppDelegate.swift */,
				D81191402AC85369007E450C /* SceneDelegate.swift */,
				D81191422AC85369007E450C /* TableViewController.swift */,
				D811916E2AC854E0007E450C /* TableViewCell.swift */,
				D81191722AC86637007E450C /* TableViewDetail.swift */,
				D81191702AC85752007E450C /* Candy.swift */,
				D81191442AC85369007E450C /* Main.storyboard */,
				D81191472AC8536B007E450C /* Assets.xcassets */,
				D81191492AC8536B007E450C /* LaunchScreen.storyboard */,
				D811914C2AC8536B007E450C /* Info.plist */,
			);
			path = CandySearch;
			sourceTree = "<group>";
		};
		D81191542AC8536B007E450C /* CandySearchTests */ = {
			isa = PBXGroup;
			children = (
				D81191552AC8536B007E450C /* CandySearchTests.swift */,
			);
			path = CandySearchTests;
			sourceTree = "<group>";
		};
		D811915E2AC8536B007E450C /* CandySearchUITests */ = {
			isa = PBXGroup;
			children = (
				D811915F2AC8536B007E450C /* CandySearchUITests.swift */,
				D81191612AC8536B007E450C /* CandySearchUITestsLaunchTests.swift */,
			);
			path = CandySearchUITests;
			sourceTree = "<group>";
		};
/* End PBXGroup section */

/* Begin PBXNativeTarget section */
		D811913A2AC85369007E450C /* CandySearch */ = {
			isa = PBXNativeTarget;
			buildConfigurationList = D81191652AC8536B007E450C /* Build configuration list for PBXNativeTarget "CandySearch" */;
			buildPhases = (
				D81191372AC85369007E450C /* Sources */,
				D81191382AC85369007E450C /* Frameworks */,
				D81191392AC85369007E450C /* Resources */,
			);
			buildRules = (
			);
			dependencies = (
			);
			name = CandySearch;
			productName = CandySearch;
			productReference = D811913B2AC85369007E450C /* CandySearch.app */;
			productType = "com.apple.product-type.application";
		};
		D81191502AC8536B007E450C /* CandySearchTests */ = {
			isa = PBXNativeTarget;
			buildConfigurationList = D81191682AC8536B007E450C /* Build configuration list for PBXNativeTarget "CandySearchTests" */;
			buildPhases = (
				D811914D2AC8536B007E450C /* Sources */,
				D811914E2AC8536B007E450C /* Frameworks */,
				D811914F2AC8536B007E450C /* Resources */,
			);
			buildRules = (
			);
			dependencies = (
				D81191532AC8536B007E450C /* PBXTargetDependency */,
			);
			name = CandySearchTests;
			productName = CandySearchTests;
			productReference = D81191512AC8536B007E450C /* CandySearchTests.xctest */;
			productType = "com.apple.product-type.bundle.unit-test";
		};
		D811915A2AC8536B007E450C /* CandySearchUITests */ = {
			isa = PBXNativeTarget;
			buildConfigurationList = D811916B2AC8536B007E450C /* Build configuration list for PBXNativeTarget "CandySearchUITests" */;
			buildPhases = (
				D81191572AC8536B007E450C /* Sources */,
				D81191582AC8536B007E450C /* Frameworks */,
				D81191592AC8536B007E450C /* Resources */,
			);
			buildRules = (
			);
			dependencies = (
				D811915D2AC8536B007E450C /* PBXTargetDependency */,
			);
			name = CandySearchUITests;
			productName = CandySearchUITests;
			productReference = D811915B2AC8536B007E450C /* CandySearchUITests.xctest */;
			productType = "com.apple.product-type.bundle.ui-testing";
		};
/* End PBXNativeTarget section */

/* Begin PBXProject section */
		D81191332AC85369007E450C /* Project object */ = {
			isa = PBXProject;
			attributes = {
				BuildIndependentTargetsInParallel = 1;
				LastSwiftUpdateCheck = 1500;
				LastUpgradeCheck = 1500;
				TargetAttributes = {
					D811913A2AC85369007E450C = {
						CreatedOnToolsVersion = 15.0;
					};
					D81191502AC8536B007E450C = {
						CreatedOnToolsVersion = 15.0;
						TestTargetID = D811913A2AC85369007E450C;
					};
					D811915A2AC8536B007E450C = {
						CreatedOnToolsVersion = 15.0;
						TestTargetID = D811913A2AC85369007E450C;
					};
				};
			};
			buildConfigurationList = D81191362AC85369007E450C /* Build configuration list for PBXProject "CandySearch" */;
			compatibilityVersion = "Xcode 14.0";
			developmentRegion = en;
			hasScannedForEncodings = 0;
			knownRegions = (
				en,
				Base,
			);
			mainGroup = D81191322AC85369007E450C;
			productRefGroup = D811913C2AC85369007E450C /* Products */;
			projectDirPath = "";
			projectRoot = "";
			targets = (
				D811913A2AC85369007E450C /* CandySearch */,
				D81191502AC8536B007E450C /* CandySearchTests */,
				D811915A2AC8536B007E450C /* CandySearchUITests */,
			);
		};
/* End PBXProject section */

/* Begin PBXResourcesBuildPhase section */
		D81191392AC85369007E450C /* Resources */ = {
			isa = PBXResourcesBuildPhase;
			buildActionMask = 2147483647;
			files = (
				D811914B2AC8536B007E450C /* LaunchScreen.storyboard in Resources */,
				D81191482AC8536B007E450C /* Assets.xcassets in Resources */,
				D81191462AC85369007E450C /* Main.storyboard in Resources */,
			);
			runOnlyForDeploymentPostprocessing = 0;
		};
		D811914F2AC8536B007E450C /* Resources */ = {
			isa = PBXResourcesBuildPhase;
			buildActionMask = 2147483647;
			files = (
			);
			runOnlyForDeploymentPostprocessing = 0;
		};
		D81191592AC8536B007E450C /* Resources */ = {
			isa = PBXResourcesBuildPhase;
			buildActionMask = 2147483647;
			files = (
			);
			runOnlyForDeploymentPostprocessing = 0;
		};
/* End PBXResourcesBuildPhase section */

/* Begin PBXSourcesBuildPhase section */
		D81191372AC85369007E450C /* Sources */ = {
			isa = PBXSourcesBuildPhase;
			buildActionMask = 2147483647;
			files = (
				D81191432AC85369007E450C /* TableViewController.swift in Sources */,
				D81191712AC85752007E450C /* Candy.swift in Sources */,
				D811916F2AC854E0007E450C /* TableViewCell.swift in Sources */,
				D811913F2AC85369007E450C /* AppDelegate.swift in Sources */,
				D81191732AC86637007E450C /* TableViewDetail.swift in Sources */,
				D81191412AC85369007E450C /* SceneDelegate.swift in Sources */,
			);
			runOnlyForDeploymentPostprocessing = 0;
		};
		D811914D2AC8536B007E450C /* Sources */ = {
			isa = PBXSourcesBuildPhase;
			buildActionMask = 2147483647;
			files = (
				D81191562AC8536B007E450C /* CandySearchTests.swift in Sources */,
			);
			runOnlyForDeploymentPostprocessing = 0;
		};
		D81191572AC8536B007E450C /* Sources */ = {
			isa = PBXSourcesBuildPhase;
			buildActionMask = 2147483647;
			files = (
				D81191622AC8536B007E450C /* CandySearchUITestsLaunchTests.swift in Sources */,
				D81191602AC8536B007E450C /* CandySearchUITests.swift in Sources */,
			);
			runOnlyForDeploymentPostprocessing = 0;
		};
/* End PBXSourcesBuildPhase section */

/* Begin PBXTargetDependency section */
		D81191532AC8536B007E450C /* PBXTargetDependency */ = {
			isa = PBXTargetDependency;
			target = D811913A2AC85369007E450C /* CandySearch */;
			targetProxy = D81191522AC8536B007E450C /* PBXContainerItemProxy */;
		};
		D811915D2AC8536B007E450C /* PBXTargetDependency */ = {
			isa = PBXTargetDependency;
			target = D811913A2AC85369007E450C /* CandySearch */;
			targetProxy = D811915C2AC8536B007E450C /* PBXContainerItemProxy */;
		};
/* End PBXTargetDependency section */

/* Begin PBXVariantGroup section */
		D81191442AC85369007E450C /* Main.storyboard */ = {
			isa = PBXVariantGroup;
			children = (
				D81191452AC85369007E450C /* Base */,
			);
			name = Main.storyboard;
			sourceTree = "<group>";
		};
		D81191492AC8536B007E450C /* LaunchScreen.storyboard */ = {
			isa = PBXVariantGroup;
			children = (
				D811914A2AC8536B007E450C /* Base */,
			);
			name = LaunchScreen.storyboard;
			sourceTree = "<group>";
		};
/* End PBXVariantGroup section */

/* Begin XCBuildConfiguration section */
		D81191632AC8536B007E450C /* Debug */ = {
			isa = XCBuildConfiguration;
			buildSettings = {
				ALWAYS_SEARCH_USER_PATHS = NO;
				ASSETCATALOG_COMPILER_GENERATE_SWIFT_ASSET_SYMBOL_EXTENSIONS = YES;
				CLANG_ANALYZER_NONNULL = YES;
				CLANG_ANALYZER_NUMBER_OBJECT_CONVERSION = YES_AGGRESSIVE;
				CLANG_CXX_LANGUAGE_STANDARD = "gnu++20";
				CLANG_ENABLE_MODULES = YES;
				CLANG_ENABLE_OBJC_ARC = YES;
				CLANG_ENABLE_OBJC_WEAK = YES;
				CLANG_WARN_BLOCK_CAPTURE_AUTORELEASING = YES;
				CLANG_WARN_BOOL_CONVERSION = YES;
				CLANG_WARN_COMMA = YES;
				CLANG_WARN_CONSTANT_CONVERSION = YES;
				CLANG_WARN_DEPRECATED_OBJC_IMPLEMENTATIONS = YES;
				CLANG_WARN_DIRECT_OBJC_ISA_USAGE = YES_ERROR;
				CLANG_WARN_DOCUMENTATION_COMMENTS = YES;
				CLANG_WARN_EMPTY_BODY = YES;
				CLANG_WARN_ENUM_CONVERSION = YES;
				CLANG_WARN_INFINITE_RECURSION = YES;
				CLANG_WARN_INT_CONVERSION = YES;
				CLANG_WARN_NON_LITERAL_NULL_CONVERSION = YES;
				CLANG_WARN_OBJC_IMPLICIT_RETAIN_SELF = YES;
				CLANG_WARN_OBJC_LITERAL_CONVERSION = YES;
				CLANG_WARN_OBJC_ROOT_CLASS = YES_ERROR;
				CLANG_WARN_QUOTED_INCLUDE_IN_FRAMEWORK_HEADER = YES;
				CLANG_WARN_RANGE_LOOP_ANALYSIS = YES;
				CLANG_WARN_STRICT_PROTOTYPES = YES;
				CLANG_WARN_SUSPICIOUS_MOVE = YES;
				CLANG_WARN_UNGUARDED_AVAILABILITY = YES_AGGRESSIVE;
				CLANG_WARN_UNREACHABLE_CODE = YES;
				CLANG_WARN__DUPLICATE_METHOD_MATCH = YES;
				COPY_PHASE_STRIP = NO;
				DEBUG_INFORMATION_FORMAT = dwarf;
				ENABLE_STRICT_OBJC_MSGSEND = YES;
				ENABLE_TESTABILITY = YES;
				ENABLE_USER_SCRIPT_SANDBOXING = YES;
				GCC_C_LANGUAGE_STANDARD = gnu17;
				GCC_DYNAMIC_NO_PIC = NO;
				GCC_NO_COMMON_BLOCKS = YES;
				GCC_OPTIMIZATION_LEVEL = 0;
				GCC_PREPROCESSOR_DEFINITIONS = (
					"DEBUG=1",
					"$(inherited)",
				);
				GCC_WARN_64_TO_32_BIT_CONVERSION = YES;
				GCC_WARN_ABOUT_RETURN_TYPE = YES_ERROR;
				GCC_WARN_UNDECLARED_SELECTOR = YES;
				GCC_WARN_UNINITIALIZED_AUTOS = YES_AGGRESSIVE;
				GCC_WARN_UNUSED_FUNCTION = YES;
				GCC_WARN_UNUSED_VARIABLE = YES;
				IPHONEOS_DEPLOYMENT_TARGET = 17.0;
				LOCALIZATION_PREFERS_STRING_CATALOGS = YES;
				MTL_ENABLE_DEBUG_INFO = INCLUDE_SOURCE;
				MTL_FAST_MATH = YES;
				ONLY_ACTIVE_ARCH = YES;
				SDKROOT = iphoneos;
				SWIFT_ACTIVE_COMPILATION_CONDITIONS = "DEBUG $(inherited)";
				SWIFT_OPTIMIZATION_LEVEL = "-Onone";
			};
			name = Debug;
		};
		D81191642AC8536B007E450C /* Release */ = {
			isa = XCBuildConfiguration;
			buildSettings = {
				ALWAYS_SEARCH_USER_PATHS = NO;
				ASSETCATALOG_COMPILER_GENERATE_SWIFT_ASSET_SYMBOL_EXTENSIONS = YES;
				CLANG_ANALYZER_NONNULL = YES;
				CLANG_ANALYZER_NUMBER_OBJECT_CONVERSION = YES_AGGRESSIVE;
				CLANG_CXX_LANGUAGE_STANDARD = "gnu++20";
				CLANG_ENABLE_MODULES = YES;
				CLANG_ENABLE_OBJC_ARC = YES;
				CLANG_ENABLE_OBJC_WEAK = YES;
				CLANG_WARN_BLOCK_CAPTURE_AUTORELEASING = YES;
				CLANG_WARN_BOOL_CONVERSION = YES;
				CLANG_WARN_COMMA = YES;
				CLANG_WARN_CONSTANT_CONVERSION = YES;
				CLANG_WARN_DEPRECATED_OBJC_IMPLEMENTATIONS = YES;
				CLANG_WARN_DIRECT_OBJC_ISA_USAGE = YES_ERROR;
				CLANG_WARN_DOCUMENTATION_COMMENTS = YES;
				CLANG_WARN_EMPTY_BODY = YES;
				CLANG_WARN_ENUM_CONVERSION = YES;
				CLANG_WARN_INFINITE_RECURSION = YES;
				CLANG_WARN_INT_CONVERSION = YES;
				CLANG_WARN_NON_LITERAL_NULL_CONVERSION = YES;
				CLANG_WARN_OBJC_IMPLICIT_RETAIN_SELF = YES;
				CLANG_WARN_OBJC_LITERAL_CONVERSION = YES;
				CLANG_WARN_OBJC_ROOT_CLASS = YES_ERROR;
				CLANG_WARN_QUOTED_INCLUDE_IN_FRAMEWORK_HEADER = YES;
				CLANG_WARN_RANGE_LOOP_ANALYSIS = YES;
				CLANG_WARN_STRICT_PROTOTYPES = YES;
				CLANG_WARN_SUSPICIOUS_MOVE = YES;
				CLANG_WARN_UNGUARDED_AVAILABILITY = YES_AGGRESSIVE;
				CLANG_WARN_UNREACHABLE_CODE = YES;
				CLANG_WARN__DUPLICATE_METHOD_MATCH = YES;
				COPY_PHASE_STRIP = NO;
				DEBUG_INFORMATION_FORMAT = "dwarf-with-dsym";
				ENABLE_NS_ASSERTIONS = NO;
				ENABLE_STRICT_OBJC_MSGSEND = YES;
				ENABLE_USER_SCRIPT_SANDBOXING = YES;
				GCC_C_LANGUAGE_STANDARD = gnu17;
				GCC_NO_COMMON_BLOCKS = YES;
				GCC_WARN_64_TO_32_BIT_CONVERSION = YES;
				GCC_WARN_ABOUT_RETURN_TYPE = YES_ERROR;
				GCC_WARN_UNDECLARED_SELECTOR = YES;
				GCC_WARN_UNINITIALIZED_AUTOS = YES_AGGRESSIVE;
				GCC_WARN_UNUSED_FUNCTION = YES;
				GCC_WARN_UNUSED_VARIABLE = YES;
				IPHONEOS_DEPLOYMENT_TARGET = 17.0;
				LOCALIZATION_PREFERS_STRING_CATALOGS = YES;
				MTL_ENABLE_DEBUG_INFO = NO;
				MTL_FAST_MATH = YES;
				SDKROOT = iphoneos;
				SWIFT_COMPILATION_MODE = wholemodule;
				VALIDATE_PRODUCT = YES;
			};
			name = Release;
		};
		D81191662AC8536B007E450C /* Debug */ = {
			isa = XCBuildConfiguration;
			buildSettings = {
				ASSETCATALOG_COMPILER_APPICON_NAME = AppIcon;
				ASSETCATALOG_COMPILER_GLOBAL_ACCENT_COLOR_NAME = AccentColor;
				CODE_SIGN_STYLE = Automatic;
				CURRENT_PROJECT_VERSION = 1;
				DEVELOPMENT_TEAM = W5Z68U98HJ;
				GENERATE_INFOPLIST_FILE = YES;
				INFOPLIST_FILE = CandySearch/Info.plist;
				INFOPLIST_KEY_UIApplicationSupportsIndirectInputEvents = YES;
				INFOPLIST_KEY_UILaunchStoryboardName = LaunchScreen;
				INFOPLIST_KEY_UIMainStoryboardFile = Main;
				INFOPLIST_KEY_UISupportedInterfaceOrientations_iPad = "UIInterfaceOrientationPortrait UIInterfaceOrientationPortraitUpsideDown UIInterfaceOrientationLandscapeLeft UIInterfaceOrientationLandscapeRight";
				INFOPLIST_KEY_UISupportedInterfaceOrientations_iPhone = "UIInterfaceOrientationPortrait UIInterfaceOrientationLandscapeLeft UIInterfaceOrientationLandscapeRight";
				LD_RUNPATH_SEARCH_PATHS = (
					"$(inherited)",
					"@executable_path/Frameworks",
				);
				MARKETING_VERSION = 1.0;
				PRODUCT_BUNDLE_IDENTIFIER = com.yanni.CandySearch;
				PRODUCT_NAME = "$(TARGET_NAME)";
				SWIFT_EMIT_LOC_STRINGS = YES;
				SWIFT_VERSION = 5.0;
				TARGETED_DEVICE_FAMILY = "1,2";
			};
			name = Debug;
		};
		D81191672AC8536B007E450C /* Release */ = {
			isa = XCBuildConfiguration;
			buildSettings = {
				ASSETCATALOG_COMPILER_APPICON_NAME = AppIcon;
				ASSETCATALOG_COMPILER_GLOBAL_ACCENT_COLOR_NAME = AccentColor;
				CODE_SIGN_STYLE = Automatic;
				CURRENT_PROJECT_VERSION = 1;
				DEVELOPMENT_TEAM = W5Z68U98HJ;
				GENERATE_INFOPLIST_FILE = YES;
				INFOPLIST_FILE = CandySearch/Info.plist;
				INFOPLIST_KEY_UIApplicationSupportsIndirectInputEvents = YES;
				INFOPLIST_KEY_UILaunchStoryboardName = LaunchScreen;
				INFOPLIST_KEY_UIMainStoryboardFile = Main;
				INFOPLIST_KEY_UISupportedInterfaceOrientations_iPad = "UIInterfaceOrientationPortrait UIInterfaceOrientationPortraitUpsideDown UIInterfaceOrientationLandscapeLeft UIInterfaceOrientationLandscapeRight";
				INFOPLIST_KEY_UISupportedInterfaceOrientations_iPhone = "UIInterfaceOrientationPortrait UIInterfaceOrientationLandscapeLeft UIInterfaceOrientationLandscapeRight";
				LD_RUNPATH_SEARCH_PATHS = (
					"$(inherited)",
					"@executable_path/Frameworks",
				);
				MARKETING_VERSION = 1.0;
				PRODUCT_BUNDLE_IDENTIFIER = com.yanni.CandySearch;
				PRODUCT_NAME = "$(TARGET_NAME)";
				SWIFT_EMIT_LOC_STRINGS = YES;
				SWIFT_VERSION = 5.0;
				TARGETED_DEVICE_FAMILY = "1,2";
			};
			name = Release;
		};
		D81191692AC8536B007E450C /* Debug */ = {
			isa = XCBuildConfiguration;
			buildSettings = {
				ALWAYS_EMBED_SWIFT_STANDARD_LIBRARIES = YES;
				BUNDLE_LOADER = "$(TEST_HOST)";
				CODE_SIGN_STYLE = Automatic;
				CURRENT_PROJECT_VERSION = 1;
				DEVELOPMENT_TEAM = W5Z68U98HJ;
				GENERATE_INFOPLIST_FILE = YES;
				IPHONEOS_DEPLOYMENT_TARGET = 17.0;
				MARKETING_VERSION = 1.0;
				PRODUCT_BUNDLE_IDENTIFIER = com.yanni.CandySearchTests;
				PRODUCT_NAME = "$(TARGET_NAME)";
				SWIFT_EMIT_LOC_STRINGS = NO;
				SWIFT_VERSION = 5.0;
				TARGETED_DEVICE_FAMILY = "1,2";
				TEST_HOST = "$(BUILT_PRODUCTS_DIR)/CandySearch.app/$(BUNDLE_EXECUTABLE_FOLDER_PATH)/CandySearch";
			};
			name = Debug;
		};
		D811916A2AC8536B007E450C /* Release */ = {
			isa = XCBuildConfiguration;
			buildSettings = {
				ALWAYS_EMBED_SWIFT_STANDARD_LIBRARIES = YES;
				BUNDLE_LOADER = "$(TEST_HOST)";
				CODE_SIGN_STYLE = Automatic;
				CURRENT_PROJECT_VERSION = 1;
				DEVELOPMENT_TEAM = W5Z68U98HJ;
				GENERATE_INFOPLIST_FILE = YES;
				IPHONEOS_DEPLOYMENT_TARGET = 17.0;
				MARKETING_VERSION = 1.0;
				PRODUCT_BUNDLE_IDENTIFIER = com.yanni.CandySearchTests;
				PRODUCT_NAME = "$(TARGET_NAME)";
				SWIFT_EMIT_LOC_STRINGS = NO;
				SWIFT_VERSION = 5.0;
				TARGETED_DEVICE_FAMILY = "1,2";
				TEST_HOST = "$(BUILT_PRODUCTS_DIR)/CandySearch.app/$(BUNDLE_EXECUTABLE_FOLDER_PATH)/CandySearch";
			};
			name = Release;
		};
		D811916C2AC8536B007E450C /* Debug */ = {
			isa = XCBuildConfiguration;
			buildSettings = {
				ALWAYS_EMBED_SWIFT_STANDARD_LIBRARIES = YES;
				CODE_SIGN_STYLE = Automatic;
				CURRENT_PROJECT_VERSION = 1;
				DEVELOPMENT_TEAM = W5Z68U98HJ;
				GENERATE_INFOPLIST_FILE = YES;
				MARKETING_VERSION = 1.0;
				PRODUCT_BUNDLE_IDENTIFIER = com.yanni.CandySearchUITests;
				PRODUCT_NAME = "$(TARGET_NAME)";
				SWIFT_EMIT_LOC_STRINGS = NO;
				SWIFT_VERSION = 5.0;
				TARGETED_DEVICE_FAMILY = "1,2";
				TEST_TARGET_NAME = CandySearch;
			};
			name = Debug;
		};
		D811916D2AC8536B007E450C /* Release */ = {
			isa = XCBuildConfiguration;
			buildSettings = {
				ALWAYS_EMBED_SWIFT_STANDARD_LIBRARIES = YES;
				CODE_SIGN_STYLE = Automatic;
				CURRENT_PROJECT_VERSION = 1;
				DEVELOPMENT_TEAM = W5Z68U98HJ;
				GENERATE_INFOPLIST_FILE = YES;
				MARKETING_VERSION = 1.0;
				PRODUCT_BUNDLE_IDENTIFIER = com.yanni.CandySearchUITests;
				PRODUCT_NAME = "$(TARGET_NAME)";
				SWIFT_EMIT_LOC_STRINGS = NO;
				SWIFT_VERSION = 5.0;
				TARGETED_DEVICE_FAMILY = "1,2";
				TEST_TARGET_NAME = CandySearch;
			};
			name = Release;
		};
/* End XCBuildConfiguration section */

/* Begin XCConfigurationList section */
		D81191362AC85369007E450C /* Build configuration list for PBXProject "CandySearch" */ = {
			isa = XCConfigurationList;
			buildConfigurations = (
				D81191632AC8536B007E450C /* Debug */,
				D81191642AC8536B007E450C /* Release */,
			);
			defaultConfigurationIsVisible = 0;
			defaultConfigurationName = Release;
		};
		D81191652AC8536B007E450C /* Build configuration list for PBXNativeTarget "CandySearch" */ = {
			isa = XCConfigurationList;
			buildConfigurations = (
				D81191662AC8536B007E450C /* Debug */,
				D81191672AC8536B007E450C /* Release */,
			);
			defaultConfigurationIsVisible = 0;
			defaultConfigurationName = Release;
		};
		D81191682AC8536B007E450C /* Build configuration list for PBXNativeTarget "CandySearchTests" */ = {
			isa = XCConfigurationList;
			buildConfigurations = (
				D81191692AC8536B007E450C /* Debug */,
				D811916A2AC8536B007E450C /* Release */,
			);
			defaultConfigurationIsVisible = 0;
			defaultConfigurationName = Release;
		};
		D811916B2AC8536B007E450C /* Build configuration list for PBXNativeTarget "CandySearchUITests" */ = {
			isa = XCConfigurationList;
			buildConfigurations = (
				D811916C2AC8536B007E450C /* Debug */,
				D811916D2AC8536B007E450C /* Release */,
			);
			defaultConfigurationIsVisible = 0;
			defaultConfigurationName = Release;
		};
/* End XCConfigurationList section */
	};
	rootObject = D81191332AC85369007E450C /* Project object */;
}
