// !$*UTF8*$!
{
	archiveVersion = 1;
	classes = {
	};
	objectVersion = 56;
	objects = {

/* Begin PBXBuildFile section */
		D81191012AC82017007E450C /* AppDelegate.swift in Sources */ = {isa = PBXBuildFile; fileRef = D81191002AC82017007E450C /* AppDelegate.swift */; };
		D81191032AC82017007E450C /* SceneDelegate.swift in Sources */ = {isa = PBXBuildFile; fileRef = D81191022AC82017007E450C /* SceneDelegate.swift */; };
		D81191052AC82017007E450C /* ViewController.swift in Sources */ = {isa = PBXBuildFile; fileRef = D81191042AC82017007E450C /* ViewController.swift */; };
		D81191082AC82017007E450C /* Main.storyboard in Resources */ = {isa = PBXBuildFile; fileRef = D81191062AC82017007E450C /* Main.storyboard */; };
		D811910A2AC82018007E450C /* Assets.xcassets in Resources */ = {isa = PBXBuildFile; fileRef = D81191092AC82018007E450C /* Assets.xcassets */; };
		D811910D2AC82018007E450C /* LaunchScreen.storyboard in Resources */ = {isa = PBXBuildFile; fileRef = D811910B2AC82018007E450C /* LaunchScreen.storyboard */; };
		D81191182AC82018007E450C /* SearchBarTests.swift in Sources */ = {isa = PBXBuildFile; fileRef = D81191172AC82018007E450C /* SearchBarTests.swift */; };
		D81191222AC82019007E450C /* SearchBarUITests.swift in Sources */ = {isa = PBXBuildFile; fileRef = D81191212AC82019007E450C /* SearchBarUITests.swift */; };
		D81191242AC82019007E450C /* SearchBarUITestsLaunchTests.swift in Sources */ = {isa = PBXBuildFile; fileRef = D81191232AC82019007E450C /* SearchBarUITestsLaunchTests.swift */; };
		D81191312AC82083007E450C /* MyTableViewController.swift in Sources */ = {isa = PBXBuildFile; fileRef = D81191302AC82083007E450C /* MyTableViewController.swift */; };
/* End PBXBuildFile section */

/* Begin PBXContainerItemProxy section */
		D81191142AC82018007E450C /* PBXContainerItemProxy */ = {
			isa = PBXContainerItemProxy;
			containerPortal = D81190F52AC82017007E450C /* Project object */;
			proxyType = 1;
			remoteGlobalIDString = D81190FC2AC82017007E450C;
			remoteInfo = SearchBar;
		};
		D811911E2AC82019007E450C /* PBXContainerItemProxy */ = {
			isa = PBXContainerItemProxy;
			containerPortal = D81190F52AC82017007E450C /* Project object */;
			proxyType = 1;
			remoteGlobalIDString = D81190FC2AC82017007E450C;
			remoteInfo = SearchBar;
		};
/* End PBXContainerItemProxy section */

/* Begin PBXFileReference section */
		D81190FD2AC82017007E450C /* SearchBar.app */ = {isa = PBXFileReference; explicitFileType = wrapper.application; includeInIndex = 0; path = SearchBar.app; sourceTree = BUILT_PRODUCTS_DIR; };
		D81191002AC82017007E450C /* AppDelegate.swift */ = {isa = PBXFileReference; lastKnownFileType = sourcecode.swift; path = AppDelegate.swift; sourceTree = "<group>"; };
		D81191022AC82017007E450C /* SceneDelegate.swift */ = {isa = PBXFileReference; lastKnownFileType = sourcecode.swift; path = SceneDelegate.swift; sourceTree = "<group>"; };
		D81191042AC82017007E450C /* ViewController.swift */ = {isa = PBXFileReference; lastKnownFileType = sourcecode.swift; path = ViewController.swift; sourceTree = "<group>"; };
		D81191072AC82017007E450C /* Base */ = {isa = PBXFileReference; lastKnownFileType = file.storyboard; name = Base; path = Base.lproj/Main.storyboard; sourceTree = "<group>"; };
		D81191092AC82018007E450C /* Assets.xcassets */ = {isa = PBXFileReference; lastKnownFileType = folder.assetcatalog; path = Assets.xcassets; sourceTree = "<group>"; };
		D811910C2AC82018007E450C /* Base */ = {isa = PBXFileReference; lastKnownFileType = file.storyboard; name = Base; path = Base.lproj/LaunchScreen.storyboard; sourceTree = "<group>"; };
		D811910E2AC82018007E450C /* Info.plist */ = {isa = PBXFileReference; lastKnownFileType = text.plist.xml; path = Info.plist; sourceTree = "<group>"; };
		D81191132AC82018007E450C /* SearchBarTests.xctest */ = {isa = PBXFileReference; explicitFileType = wrapper.cfbundle; includeInIndex = 0; path = SearchBarTests.xctest; sourceTree = BUILT_PRODUCTS_DIR; };
		D81191172AC82018007E450C /* SearchBarTests.swift */ = {isa = PBXFileReference; lastKnownFileType = sourcecode.swift; path = SearchBarTests.swift; sourceTree = "<group>"; };
		D811911D2AC82019007E450C /* SearchBarUITests.xctest */ = {isa = PBXFileReference; explicitFileType = wrapper.cfbundle; includeInIndex = 0; path = SearchBarUITests.xctest; sourceTree = BUILT_PRODUCTS_DIR; };
		D81191212AC82019007E450C /* SearchBarUITests.swift */ = {isa = PBXFileReference; lastKnownFileType = sourcecode.swift; path = SearchBarUITests.swift; sourceTree = "<group>"; };
		D81191232AC82019007E450C /* SearchBarUITestsLaunchTests.swift */ = {isa = PBXFileReference; lastKnownFileType = sourcecode.swift; path = SearchBarUITestsLaunchTests.swift; sourceTree = "<group>"; };
		D81191302AC82083007E450C /* MyTableViewController.swift */ = {isa = PBXFileReference; lastKnownFileType = sourcecode.swift; path = MyTableViewController.swift; sourceTree = "<group>"; };
/* End PBXFileReference section */

/* Begin PBXFrameworksBuildPhase section */
		D81190FA2AC82017007E450C /* Frameworks */ = {
			isa = PBXFrameworksBuildPhase;
			buildActionMask = 2147483647;
			files = (
			);
			runOnlyForDeploymentPostprocessing = 0;
		};
		D81191102AC82018007E450C /* Frameworks */ = {
			isa = PBXFrameworksBuildPhase;
			buildActionMask = 2147483647;
			files = (
			);
			runOnlyForDeploymentPostprocessing = 0;
		};
		D811911A2AC82019007E450C /* Frameworks */ = {
			isa = PBXFrameworksBuildPhase;
			buildActionMask = 2147483647;
			files = (
			);
			runOnlyForDeploymentPostprocessing = 0;
		};
/* End PBXFrameworksBuildPhase section */

/* Begin PBXGroup section */
		D81190F42AC82017007E450C = {
			isa = PBXGroup;
			children = (
				D81190FF2AC82017007E450C /* SearchBar */,
				D81191162AC82018007E450C /* SearchBarTests */,
				D81191202AC82019007E450C /* SearchBarUITests */,
				D81190FE2AC82017007E450C /* Products */,
			);
			sourceTree = "<group>";
		};
		D81190FE2AC82017007E450C /* Products */ = {
			isa = PBXGroup;
			children = (
				D81190FD2AC82017007E450C /* SearchBar.app */,
				D81191132AC82018007E450C /* SearchBarTests.xctest */,
				D811911D2AC82019007E450C /* SearchBarUITests.xctest */,
			);
			name = Products;
			sourceTree = "<group>";
		};
		D81190FF2AC82017007E450C /* SearchBar */ = {
			isa = PBXGroup;
			children = (
				D81191002AC82017007E450C /* AppDelegate.swift */,
				D81191022AC82017007E450C /* SceneDelegate.swift */,
				D81191042AC82017007E450C /* ViewController.swift */,
				D81191302AC82083007E450C /* MyTableViewController.swift */,
				D81191062AC82017007E450C /* Main.storyboard */,
				D81191092AC82018007E450C /* Assets.xcassets */,
				D811910B2AC82018007E450C /* LaunchScreen.storyboard */,
				D811910E2AC82018007E450C /* Info.plist */,
			);
			path = SearchBar;
			sourceTree = "<group>";
		};
		D81191162AC82018007E450C /* SearchBarTests */ = {
			isa = PBXGroup;
			children = (
				D81191172AC82018007E450C /* SearchBarTests.swift */,
			);
			path = SearchBarTests;
			sourceTree = "<group>";
		};
		D81191202AC82019007E450C /* SearchBarUITests */ = {
			isa = PBXGroup;
			children = (
				D81191212AC82019007E450C /* SearchBarUITests.swift */,
				D81191232AC82019007E450C /* SearchBarUITestsLaunchTests.swift */,
			);
			path = SearchBarUITests;
			sourceTree = "<group>";
		};
/* End PBXGroup section */

/* Begin PBXNativeTarget section */
		D81190FC2AC82017007E450C /* SearchBar */ = {
			isa = PBXNativeTarget;
			buildConfigurationList = D81191272AC82019007E450C /* Build configuration list for PBXNativeTarget "SearchBar" */;
			buildPhases = (
				D81190F92AC82017007E450C /* Sources */,
				D81190FA2AC82017007E450C /* Frameworks */,
				D81190FB2AC82017007E450C /* Resources */,
			);
			buildRules = (
			);
			dependencies = (
			);
			name = SearchBar;
			productName = SearchBar;
			productReference = D81190FD2AC82017007E450C /* SearchBar.app */;
			productType = "com.apple.product-type.application";
		};
		D81191122AC82018007E450C /* SearchBarTests */ = {
			isa = PBXNativeTarget;
			buildConfigurationList = D811912A2AC82019007E450C /* Build configuration list for PBXNativeTarget "SearchBarTests" */;
			buildPhases = (
				D811910F2AC82018007E450C /* Sources */,
				D81191102AC82018007E450C /* Frameworks */,
				D81191112AC82018007E450C /* Resources */,
			);
			buildRules = (
			);
			dependencies = (
				D81191152AC82018007E450C /* PBXTargetDependency */,
			);
			name = SearchBarTests;
			productName = SearchBarTests;
			productReference = D81191132AC82018007E450C /* SearchBarTests.xctest */;
			productType = "com.apple.product-type.bundle.unit-test";
		};
		D811911C2AC82019007E450C /* SearchBarUITests */ = {
			isa = PBXNativeTarget;
			buildConfigurationList = D811912D2AC82019007E450C /* Build configuration list for PBXNativeTarget "SearchBarUITests" */;
			buildPhases = (
				D81191192AC82019007E450C /* Sources */,
				D811911A2AC82019007E450C /* Frameworks */,
				D811911B2AC82019007E450C /* Resources */,
			);
			buildRules = (
			);
			dependencies = (
				D811911F2AC82019007E450C /* PBXTargetDependency */,
			);
			name = SearchBarUITests;
			productName = SearchBarUITests;
			productReference = D811911D2AC82019007E450C /* SearchBarUITests.xctest */;
			productType = "com.apple.product-type.bundle.ui-testing";
		};
/* End PBXNativeTarget section */

/* Begin PBXProject section */
		D81190F52AC82017007E450C /* Project object */ = {
			isa = PBXProject;
			attributes = {
				BuildIndependentTargetsInParallel = 1;
				LastSwiftUpdateCheck = 1500;
				LastUpgradeCheck = 1500;
				TargetAttributes = {
					D81190FC2AC82017007E450C = {
						CreatedOnToolsVersion = 15.0;
					};
					D81191122AC82018007E450C = {
						CreatedOnToolsVersion = 15.0;
						TestTargetID = D81190FC2AC82017007E450C;
					};
					D811911C2AC82019007E450C = {
						CreatedOnToolsVersion = 15.0;
						TestTargetID = D81190FC2AC82017007E450C;
					};
				};
			};
			buildConfigurationList = D81190F82AC82017007E450C /* Build configuration list for PBXProject "SearchBar" */;
			compatibilityVersion = "Xcode 14.0";
			developmentRegion = en;
			hasScannedForEncodings = 0;
			knownRegions = (
				en,
				Base,
			);
			mainGroup = D81190F42AC82017007E450C;
			productRefGroup = D81190FE2AC82017007E450C /* Products */;
			projectDirPath = "";
			projectRoot = "";
			targets = (
				D81190FC2AC82017007E450C /* SearchBar */,
				D81191122AC82018007E450C /* SearchBarTests */,
				D811911C2AC82019007E450C /* SearchBarUITests */,
			);
		};
/* End PBXProject section */

/* Begin PBXResourcesBuildPhase section */
		D81190FB2AC82017007E450C /* Resources */ = {
			isa = PBXResourcesBuildPhase;
			buildActionMask = 2147483647;
			files = (
				D811910D2AC82018007E450C /* LaunchScreen.storyboard in Resources */,
				D811910A2AC82018007E450C /* Assets.xcassets in Resources */,
				D81191082AC82017007E450C /* Main.storyboard in Resources */,
			);
			runOnlyForDeploymentPostprocessing = 0;
		};
		D81191112AC82018007E450C /* Resources */ = {
			isa = PBXResourcesBuildPhase;
			buildActionMask = 2147483647;
			files = (
			);
			runOnlyForDeploymentPostprocessing = 0;
		};
		D811911B2AC82019007E450C /* Resources */ = {
			isa = PBXResourcesBuildPhase;
			buildActionMask = 2147483647;
			files = (
			);
			runOnlyForDeploymentPostprocessing = 0;
		};
/* End PBXResourcesBuildPhase section */

/* Begin PBXSourcesBuildPhase section */
		D81190F92AC82017007E450C /* Sources */ = {
			isa = PBXSourcesBuildPhase;
			buildActionMask = 2147483647;
			files = (
				D81191052AC82017007E450C /* ViewController.swift in Sources */,
				D81191012AC82017007E450C /* AppDelegate.swift in Sources */,
				D81191032AC82017007E450C /* SceneDelegate.swift in Sources */,
				D81191312AC82083007E450C /* MyTableViewController.swift in Sources */,
			);
			runOnlyForDeploymentPostprocessing = 0;
		};
		D811910F2AC82018007E450C /* Sources */ = {
			isa = PBXSourcesBuildPhase;
			buildActionMask = 2147483647;
			files = (
				D81191182AC82018007E450C /* SearchBarTests.swift in Sources */,
			);
			runOnlyForDeploymentPostprocessing = 0;
		};
		D81191192AC82019007E450C /* Sources */ = {
			isa = PBXSourcesBuildPhase;
			buildActionMask = 2147483647;
			files = (
				D81191242AC82019007E450C /* SearchBarUITestsLaunchTests.swift in Sources */,
				D81191222AC82019007E450C /* SearchBarUITests.swift in Sources */,
			);
			runOnlyForDeploymentPostprocessing = 0;
		};
/* End PBXSourcesBuildPhase section */

/* Begin PBXTargetDependency section */
		D81191152AC82018007E450C /* PBXTargetDependency */ = {
			isa = PBXTargetDependency;
			target = D81190FC2AC82017007E450C /* SearchBar */;
			targetProxy = D81191142AC82018007E450C /* PBXContainerItemProxy */;
		};
		D811911F2AC82019007E450C /* PBXTargetDependency */ = {
			isa = PBXTargetDependency;
			target = D81190FC2AC82017007E450C /* SearchBar */;
			targetProxy = D811911E2AC82019007E450C /* PBXContainerItemProxy */;
		};
/* End PBXTargetDependency section */

/* Begin PBXVariantGroup section */
		D81191062AC82017007E450C /* Main.storyboard */ = {
			isa = PBXVariantGroup;
			children = (
				D81191072AC82017007E450C /* Base */,
			);
			name = Main.storyboard;
			sourceTree = "<group>";
		};
		D811910B2AC82018007E450C /* LaunchScreen.storyboard */ = {
			isa = PBXVariantGroup;
			children = (
				D811910C2AC82018007E450C /* Base */,
			);
			name = LaunchScreen.storyboard;
			sourceTree = "<group>";
		};
/* End PBXVariantGroup section */

/* Begin XCBuildConfiguration section */
		D81191252AC82019007E450C /* Debug */ = {
			isa = XCBuildConfiguration;
			buildSettings = {
				ALWAYS_SEARCH_USER_PATHS = NO;
				ASSETCATALOG_COMPILER_GENERATE_SWIFT_ASSET_SYMBOL_EXTENSIONS = YES;
				CLANG_ANALYZER_NONNULL = YES;
				CLANG_ANALYZER_NUMBER_OBJECT_CONVERSION = YES_AGGRESSIVE;
				CLANG_CXX_LANGUAGE_STANDARD = "gnu++20";
				CLANG_ENABLE_MODULES = YES;
				CLANG_ENABLE_OBJC_ARC = YES;
				CLANG_ENABLE_OBJC_WEAK = YES;
				CLANG_WARN_BLOCK_CAPTURE_AUTORELEASING = YES;
				CLANG_WARN_BOOL_CONVERSION = YES;
				CLANG_WARN_COMMA = YES;
				CLANG_WARN_CONSTANT_CONVERSION = YES;
				CLANG_WARN_DEPRECATED_OBJC_IMPLEMENTATIONS = YES;
				CLANG_WARN_DIRECT_OBJC_ISA_USAGE = YES_ERROR;
				CLANG_WARN_DOCUMENTATION_COMMENTS = YES;
				CLANG_WARN_EMPTY_BODY = YES;
				CLANG_WARN_ENUM_CONVERSION = YES;
				CLANG_WARN_INFINITE_RECURSION = YES;
				CLANG_WARN_INT_CONVERSION = YES;
				CLANG_WARN_NON_LITERAL_NULL_CONVERSION = YES;
				CLANG_WARN_OBJC_IMPLICIT_RETAIN_SELF = YES;
				CLANG_WARN_OBJC_LITERAL_CONVERSION = YES;
				CLANG_WARN_OBJC_ROOT_CLASS = YES_ERROR;
				CLANG_WARN_QUOTED_INCLUDE_IN_FRAMEWORK_HEADER = YES;
				CLANG_WARN_RANGE_LOOP_ANALYSIS = YES;
				CLANG_WARN_STRICT_PROTOTYPES = YES;
				CLANG_WARN_SUSPICIOUS_MOVE = YES;
				CLANG_WARN_UNGUARDED_AVAILABILITY = YES_AGGRESSIVE;
				CLANG_WARN_UNREACHABLE_CODE = YES;
				CLANG_WARN__DUPLICATE_METHOD_MATCH = YES;
				COPY_PHASE_STRIP = NO;
				DEBUG_INFORMATION_FORMAT = dwarf;
				ENABLE_STRICT_OBJC_MSGSEND = YES;
				ENABLE_TESTABILITY = YES;
				ENABLE_USER_SCRIPT_SANDBOXING = YES;
				GCC_C_LANGUAGE_STANDARD = gnu17;
				GCC_DYNAMIC_NO_PIC = NO;
				GCC_NO_COMMON_BLOCKS = YES;
				GCC_OPTIMIZATION_LEVEL = 0;
				GCC_PREPROCESSOR_DEFINITIONS = (
					"DEBUG=1",
					"$(inherited)",
				);
				GCC_WARN_64_TO_32_BIT_CONVERSION = YES;
				GCC_WARN_ABOUT_RETURN_TYPE = YES_ERROR;
				GCC_WARN_UNDECLARED_SELECTOR = YES;
				GCC_WARN_UNINITIALIZED_AUTOS = YES_AGGRESSIVE;
				GCC_WARN_UNUSED_FUNCTION = YES;
				GCC_WARN_UNUSED_VARIABLE = YES;
				IPHONEOS_DEPLOYMENT_TARGET = 17.0;
				LOCALIZATION_PREFERS_STRING_CATALOGS = YES;
				MTL_ENABLE_DEBUG_INFO = INCLUDE_SOURCE;
				MTL_FAST_MATH = YES;
				ONLY_ACTIVE_ARCH = YES;
				SDKROOT = iphoneos;
				SWIFT_ACTIVE_COMPILATION_CONDITIONS = "DEBUG $(inherited)";
				SWIFT_OPTIMIZATION_LEVEL = "-Onone";
			};
			name = Debug;
		};
		D81191262AC82019007E450C /* Release */ = {
			isa = XCBuildConfiguration;
			buildSettings = {
				ALWAYS_SEARCH_USER_PATHS = NO;
				ASSETCATALOG_COMPILER_GENERATE_SWIFT_ASSET_SYMBOL_EXTENSIONS = YES;
				CLANG_ANALYZER_NONNULL = YES;
				CLANG_ANALYZER_NUMBER_OBJECT_CONVERSION = YES_AGGRESSIVE;
				CLANG_CXX_LANGUAGE_STANDARD = "gnu++20";
				CLANG_ENABLE_MODULES = YES;
				CLANG_ENABLE_OBJC_ARC = YES;
				CLANG_ENABLE_OBJC_WEAK = YES;
				CLANG_WARN_BLOCK_CAPTURE_AUTORELEASING = YES;
				CLANG_WARN_BOOL_CONVERSION = YES;
				CLANG_WARN_COMMA = YES;
				CLANG_WARN_CONSTANT_CONVERSION = YES;
				CLANG_WARN_DEPRECATED_OBJC_IMPLEMENTATIONS = YES;
				CLANG_WARN_DIRECT_OBJC_ISA_USAGE = YES_ERROR;
				CLANG_WARN_DOCUMENTATION_COMMENTS = YES;
				CLANG_WARN_EMPTY_BODY = YES;
				CLANG_WARN_ENUM_CONVERSION = YES;
				CLANG_WARN_INFINITE_RECURSION = YES;
				CLANG_WARN_INT_CONVERSION = YES;
				CLANG_WARN_NON_LITERAL_NULL_CONVERSION = YES;
				CLANG_WARN_OBJC_IMPLICIT_RETAIN_SELF = YES;
				CLANG_WARN_OBJC_LITERAL_CONVERSION = YES;
				CLANG_WARN_OBJC_ROOT_CLASS = YES_ERROR;
				CLANG_WARN_QUOTED_INCLUDE_IN_FRAMEWORK_HEADER = YES;
				CLANG_WARN_RANGE_LOOP_ANALYSIS = YES;
				CLANG_WARN_STRICT_PROTOTYPES = YES;
				CLANG_WARN_SUSPICIOUS_MOVE = YES;
				CLANG_WARN_UNGUARDED_AVAILABILITY = YES_AGGRESSIVE;
				CLANG_WARN_UNREACHABLE_CODE = YES;
				CLANG_WARN__DUPLICATE_METHOD_MATCH = YES;
				COPY_PHASE_STRIP = NO;
				DEBUG_INFORMATION_FORMAT = "dwarf-with-dsym";
				ENABLE_NS_ASSERTIONS = NO;
				ENABLE_STRICT_OBJC_MSGSEND = YES;
				ENABLE_USER_SCRIPT_SANDBOXING = YES;
				GCC_C_LANGUAGE_STANDARD = gnu17;
				GCC_NO_COMMON_BLOCKS = YES;
				GCC_WARN_64_TO_32_BIT_CONVERSION = YES;
				GCC_WARN_ABOUT_RETURN_TYPE = YES_ERROR;
				GCC_WARN_UNDECLARED_SELECTOR = YES;
				GCC_WARN_UNINITIALIZED_AUTOS = YES_AGGRESSIVE;
				GCC_WARN_UNUSED_FUNCTION = YES;
				GCC_WARN_UNUSED_VARIABLE = YES;
				IPHONEOS_DEPLOYMENT_TARGET = 17.0;
				LOCALIZATION_PREFERS_STRING_CATALOGS = YES;
				MTL_ENABLE_DEBUG_INFO = NO;
				MTL_FAST_MATH = YES;
				SDKROOT = iphoneos;
				SWIFT_COMPILATION_MODE = wholemodule;
				VALIDATE_PRODUCT = YES;
			};
			name = Release;
		};
		D81191282AC82019007E450C /* Debug */ = {
			isa = XCBuildConfiguration;
			buildSettings = {
				ASSETCATALOG_COMPILER_APPICON_NAME = AppIcon;
				ASSETCATALOG_COMPILER_GLOBAL_ACCENT_COLOR_NAME = AccentColor;
				CODE_SIGN_STYLE = Automatic;
				CURRENT_PROJECT_VERSION = 1;
				DEVELOPMENT_TEAM = W5Z68U98HJ;
				GENERATE_INFOPLIST_FILE = YES;
				INFOPLIST_FILE = SearchBar/Info.plist;
				INFOPLIST_KEY_UIApplicationSupportsIndirectInputEvents = YES;
				INFOPLIST_KEY_UILaunchStoryboardName = LaunchScreen;
				INFOPLIST_KEY_UIMainStoryboardFile = Main;
				INFOPLIST_KEY_UISupportedInterfaceOrientations_iPad = "UIInterfaceOrientationPortrait UIInterfaceOrientationPortraitUpsideDown UIInterfaceOrientationLandscapeLeft UIInterfaceOrientationLandscapeRight";
				INFOPLIST_KEY_UISupportedInterfaceOrientations_iPhone = "UIInterfaceOrientationPortrait UIInterfaceOrientationLandscapeLeft UIInterfaceOrientationLandscapeRight";
				LD_RUNPATH_SEARCH_PATHS = (
					"$(inherited)",
					"@executable_path/Frameworks",
				);
				MARKETING_VERSION = 1.0;
				PRODUCT_BUNDLE_IDENTIFIER = com.yanni.SearchBar;
				PRODUCT_NAME = "$(TARGET_NAME)";
				SWIFT_EMIT_LOC_STRINGS = YES;
				SWIFT_VERSION = 5.0;
				TARGETED_DEVICE_FAMILY = "1,2";
			};
			name = Debug;
		};
		D81191292AC82019007E450C /* Release */ = {
			isa = XCBuildConfiguration;
			buildSettings = {
				ASSETCATALOG_COMPILER_APPICON_NAME = AppIcon;
				ASSETCATALOG_COMPILER_GLOBAL_ACCENT_COLOR_NAME = AccentColor;
				CODE_SIGN_STYLE = Automatic;
				CURRENT_PROJECT_VERSION = 1;
				DEVELOPMENT_TEAM = W5Z68U98HJ;
				GENERATE_INFOPLIST_FILE = YES;
				INFOPLIST_FILE = SearchBar/Info.plist;
				INFOPLIST_KEY_UIApplicationSupportsIndirectInputEvents = YES;
				INFOPLIST_KEY_UILaunchStoryboardName = LaunchScreen;
				INFOPLIST_KEY_UIMainStoryboardFile = Main;
				INFOPLIST_KEY_UISupportedInterfaceOrientations_iPad = "UIInterfaceOrientationPortrait UIInterfaceOrientationPortraitUpsideDown UIInterfaceOrientationLandscapeLeft UIInterfaceOrientationLandscapeRight";
				INFOPLIST_KEY_UISupportedInterfaceOrientations_iPhone = "UIInterfaceOrientationPortrait UIInterfaceOrientationLandscapeLeft UIInterfaceOrientationLandscapeRight";
				LD_RUNPATH_SEARCH_PATHS = (
					"$(inherited)",
					"@executable_path/Frameworks",
				);
				MARKETING_VERSION = 1.0;
				PRODUCT_BUNDLE_IDENTIFIER = com.yanni.SearchBar;
				PRODUCT_NAME = "$(TARGET_NAME)";
				SWIFT_EMIT_LOC_STRINGS = YES;
				SWIFT_VERSION = 5.0;
				TARGETED_DEVICE_FAMILY = "1,2";
			};
			name = Release;
		};
		D811912B2AC82019007E450C /* Debug */ = {
			isa = XCBuildConfiguration;
			buildSettings = {
				ALWAYS_EMBED_SWIFT_STANDARD_LIBRARIES = YES;
				BUNDLE_LOADER = "$(TEST_HOST)";
				CODE_SIGN_STYLE = Automatic;
				CURRENT_PROJECT_VERSION = 1;
				DEVELOPMENT_TEAM = W5Z68U98HJ;
				GENERATE_INFOPLIST_FILE = YES;
				IPHONEOS_DEPLOYMENT_TARGET = 17.0;
				MARKETING_VERSION = 1.0;
				PRODUCT_BUNDLE_IDENTIFIER = com.yanni.SearchBarTests;
				PRODUCT_NAME = "$(TARGET_NAME)";
				SWIFT_EMIT_LOC_STRINGS = NO;
				SWIFT_VERSION = 5.0;
				TARGETED_DEVICE_FAMILY = "1,2";
				TEST_HOST = "$(BUILT_PRODUCTS_DIR)/SearchBar.app/$(BUNDLE_EXECUTABLE_FOLDER_PATH)/SearchBar";
			};
			name = Debug;
		};
		D811912C2AC82019007E450C /* Release */ = {
			isa = XCBuildConfiguration;
			buildSettings = {
				ALWAYS_EMBED_SWIFT_STANDARD_LIBRARIES = YES;
				BUNDLE_LOADER = "$(TEST_HOST)";
				CODE_SIGN_STYLE = Automatic;
				CURRENT_PROJECT_VERSION = 1;
				DEVELOPMENT_TEAM = W5Z68U98HJ;
				GENERATE_INFOPLIST_FILE = YES;
				IPHONEOS_DEPLOYMENT_TARGET = 17.0;
				MARKETING_VERSION = 1.0;
				PRODUCT_BUNDLE_IDENTIFIER = com.yanni.SearchBarTests;
				PRODUCT_NAME = "$(TARGET_NAME)";
				SWIFT_EMIT_LOC_STRINGS = NO;
				SWIFT_VERSION = 5.0;
				TARGETED_DEVICE_FAMILY = "1,2";
				TEST_HOST = "$(BUILT_PRODUCTS_DIR)/SearchBar.app/$(BUNDLE_EXECUTABLE_FOLDER_PATH)/SearchBar";
			};
			name = Release;
		};
		D811912E2AC82019007E450C /* Debug */ = {
			isa = XCBuildConfiguration;
			buildSettings = {
				ALWAYS_EMBED_SWIFT_STANDARD_LIBRARIES = YES;
				CODE_SIGN_STYLE = Automatic;
				CURRENT_PROJECT_VERSION = 1;
				DEVELOPMENT_TEAM = W5Z68U98HJ;
				GENERATE_INFOPLIST_FILE = YES;
				MARKETING_VERSION = 1.0;
				PRODUCT_BUNDLE_IDENTIFIER = com.yanni.SearchBarUITests;
				PRODUCT_NAME = "$(TARGET_NAME)";
				SWIFT_EMIT_LOC_STRINGS = NO;
				SWIFT_VERSION = 5.0;
				TARGETED_DEVICE_FAMILY = "1,2";
				TEST_TARGET_NAME = SearchBar;
			};
			name = Debug;
		};
		D811912F2AC82019007E450C /* Release */ = {
			isa = XCBuildConfiguration;
			buildSettings = {
				ALWAYS_EMBED_SWIFT_STANDARD_LIBRARIES = YES;
				CODE_SIGN_STYLE = Automatic;
				CURRENT_PROJECT_VERSION = 1;
				DEVELOPMENT_TEAM = W5Z68U98HJ;
				GENERATE_INFOPLIST_FILE = YES;
				MARKETING_VERSION = 1.0;
				PRODUCT_BUNDLE_IDENTIFIER = com.yanni.SearchBarUITests;
				PRODUCT_NAME = "$(TARGET_NAME)";
				SWIFT_EMIT_LOC_STRINGS = NO;
				SWIFT_VERSION = 5.0;
				TARGETED_DEVICE_FAMILY = "1,2";
				TEST_TARGET_NAME = SearchBar;
			};
			name = Release;
		};
/* End XCBuildConfiguration section */

/* Begin XCConfigurationList section */
		D81190F82AC82017007E450C /* Build configuration list for PBXProject "SearchBar" */ = {
			isa = XCConfigurationList;
			buildConfigurations = (
				D81191252AC82019007E450C /* Debug */,
				D81191262AC82019007E450C /* Release */,
			);
			defaultConfigurationIsVisible = 0;
			defaultConfigurationName = Release;
		};
		D81191272AC82019007E450C /* Build configuration list for PBXNativeTarget "SearchBar" */ = {
			isa = XCConfigurationList;
			buildConfigurations = (
				D81191282AC82019007E450C /* Debug */,
				D81191292AC82019007E450C /* Release */,
			);
			defaultConfigurationIsVisible = 0;
			defaultConfigurationName = Release;
		};
		D811912A2AC82019007E450C /* Build configuration list for PBXNativeTarget "SearchBarTests" */ = {
			isa = XCConfigurationList;
			buildConfigurations = (
				D811912B2AC82019007E450C /* Debug */,
				D811912C2AC82019007E450C /* Release */,
			);
			defaultConfigurationIsVisible = 0;
			defaultConfigurationName = Release;
		};
		D811912D2AC82019007E450C /* Build configuration list for PBXNativeTarget "SearchBarUITests" */ = {
			isa = XCConfigurationList;
			buildConfigurations = (
				D811912E2AC82019007E450C /* Debug */,
				D811912F2AC82019007E450C /* Release */,
			);
			defaultConfigurationIsVisible = 0;
			defaultConfigurationName = Release;
		};
/* End XCConfigurationList section */
	};
	rootObject = D81190F52AC82017007E450C /* Project object */;
}
