// !$*UTF8*$!
{
	archiveVersion = 1;
	classes = {
	};
	objectVersion = 56;
	objects = {

/* Begin PBXBuildFile section */
		D8D540662B46E0A500E12142 /* AppDelegate.swift in Sources */ = {isa = PBXBuildFile; fileRef = D8D540652B46E0A500E12142 /* AppDelegate.swift */; };
		D8D540682B46E0A500E12142 /* SceneDelegate.swift in Sources */ = {isa = PBXBuildFile; fileRef = D8D540672B46E0A500E12142 /* SceneDelegate.swift */; };
		D8D5406A2B46E0A500E12142 /* ViewController.swift in Sources */ = {isa = PBXBuildFile; fileRef = D8D540692B46E0A500E12142 /* ViewController.swift */; };
		D8D5406D2B46E0A500E12142 /* Main.storyboard in Resources */ = {isa = PBXBuildFile; fileRef = D8D5406B2B46E0A500E12142 /* Main.storyboard */; };
		D8D5406F2B46E0A800E12142 /* Assets.xcassets in Resources */ = {isa = PBXBuildFile; fileRef = D8D5406E2B46E0A800E12142 /* Assets.xcassets */; };
		D8D540722B46E0A800E12142 /* LaunchScreen.storyboard in Resources */ = {isa = PBXBuildFile; fileRef = D8D540702B46E0A800E12142 /* LaunchScreen.storyboard */; };
		D8D5407D2B46E0A800E12142 /* WIKIFACETests.swift in Sources */ = {isa = PBXBuildFile; fileRef = D8D5407C2B46E0A800E12142 /* WIKIFACETests.swift */; };
		D8D540872B46E0A800E12142 /* WIKIFACEUITests.swift in Sources */ = {isa = PBXBuildFile; fileRef = D8D540862B46E0A800E12142 /* WIKIFACEUITests.swift */; };
		D8D540892B46E0A800E12142 /* WIKIFACEUITestsLaunchTests.swift in Sources */ = {isa = PBXBuildFile; fileRef = D8D540882B46E0A800E12142 /* WIKIFACEUITestsLaunchTests.swift */; };
		D8D540982B49883B00E12142 /* ImageData.swift in Sources */ = {isa = PBXBuildFile; fileRef = D8D540972B49883B00E12142 /* ImageData.swift */; };
		D8D5409A2B4C0E9D00E12142 /* IMG_2887.JPG in Resources */ = {isa = PBXBuildFile; fileRef = D8D540992B4C0E9D00E12142 /* IMG_2887.JPG */; };
		D8D5409C2B4C0F4E00E12142 /* IMG_0253.JPG in Resources */ = {isa = PBXBuildFile; fileRef = D8D5409B2B4C0F4E00E12142 /* IMG_0253.JPG */; };
/* End PBXBuildFile section */

/* Begin PBXContainerItemProxy section */
		D8D540792B46E0A800E12142 /* PBXContainerItemProxy */ = {
			isa = PBXContainerItemProxy;
			containerPortal = D8D5405A2B46E0A500E12142 /* Project object */;
			proxyType = 1;
			remoteGlobalIDString = D8D540612B46E0A500E12142;
			remoteInfo = WIKIFACE;
		};
		D8D540832B46E0A800E12142 /* PBXContainerItemProxy */ = {
			isa = PBXContainerItemProxy;
			containerPortal = D8D5405A2B46E0A500E12142 /* Project object */;
			proxyType = 1;
			remoteGlobalIDString = D8D540612B46E0A500E12142;
			remoteInfo = WIKIFACE;
		};
/* End PBXContainerItemProxy section */

/* Begin PBXFileReference section */
		D8D540622B46E0A500E12142 /* WIKIFACE.app */ = {isa = PBXFileReference; explicitFileType = wrapper.application; includeInIndex = 0; path = WIKIFACE.app; sourceTree = BUILT_PRODUCTS_DIR; };
		D8D540652B46E0A500E12142 /* AppDelegate.swift */ = {isa = PBXFileReference; lastKnownFileType = sourcecode.swift; path = AppDelegate.swift; sourceTree = "<group>"; };
		D8D540672B46E0A500E12142 /* SceneDelegate.swift */ = {isa = PBXFileReference; lastKnownFileType = sourcecode.swift; path = SceneDelegate.swift; sourceTree = "<group>"; };
		D8D540692B46E0A500E12142 /* ViewController.swift */ = {isa = PBXFileReference; lastKnownFileType = sourcecode.swift; path = ViewController.swift; sourceTree = "<group>"; };
		D8D5406C2B46E0A500E12142 /* Base */ = {isa = PBXFileReference; lastKnownFileType = file.storyboard; name = Base; path = Base.lproj/Main.storyboard; sourceTree = "<group>"; };
		D8D5406E2B46E0A800E12142 /* Assets.xcassets */ = {isa = PBXFileReference; lastKnownFileType = folder.assetcatalog; path = Assets.xcassets; sourceTree = "<group>"; };
		D8D540712B46E0A800E12142 /* Base */ = {isa = PBXFileReference; lastKnownFileType = file.storyboard; name = Base; path = Base.lproj/LaunchScreen.storyboard; sourceTree = "<group>"; };
		D8D540732B46E0A800E12142 /* Info.plist */ = {isa = PBXFileReference; lastKnownFileType = text.plist.xml; path = Info.plist; sourceTree = "<group>"; };
		D8D540782B46E0A800E12142 /* WIKIFACETests.xctest */ = {isa = PBXFileReference; explicitFileType = wrapper.cfbundle; includeInIndex = 0; path = WIKIFACETests.xctest; sourceTree = BUILT_PRODUCTS_DIR; };
		D8D5407C2B46E0A800E12142 /* WIKIFACETests.swift */ = {isa = PBXFileReference; lastKnownFileType = sourcecode.swift; path = WIKIFACETests.swift; sourceTree = "<group>"; };
		D8D540822B46E0A800E12142 /* WIKIFACEUITests.xctest */ = {isa = PBXFileReference; explicitFileType = wrapper.cfbundle; includeInIndex = 0; path = WIKIFACEUITests.xctest; sourceTree = BUILT_PRODUCTS_DIR; };
		D8D540862B46E0A800E12142 /* WIKIFACEUITests.swift */ = {isa = PBXFileReference; lastKnownFileType = sourcecode.swift; path = WIKIFACEUITests.swift; sourceTree = "<group>"; };
		D8D540882B46E0A800E12142 /* WIKIFACEUITestsLaunchTests.swift */ = {isa = PBXFileReference; lastKnownFileType = sourcecode.swift; path = WIKIFACEUITestsLaunchTests.swift; sourceTree = "<group>"; };
		D8D540972B49883B00E12142 /* ImageData.swift */ = {isa = PBXFileReference; lastKnownFileType = sourcecode.swift; path = ImageData.swift; sourceTree = "<group>"; };
		D8D540992B4C0E9D00E12142 /* IMG_2887.JPG */ = {isa = PBXFileReference; lastKnownFileType = image.jpeg; name = IMG_2887.JPG; path = ../../../../Downloads/IMG_2887.JPG; sourceTree = "<group>"; };
		D8D5409B2B4C0F4E00E12142 /* IMG_0253.JPG */ = {isa = PBXFileReference; lastKnownFileType = image.jpeg; name = IMG_0253.JPG; path = ../../../../Downloads/IMG_0253.JPG; sourceTree = "<group>"; };
/* End PBXFileReference section */

/* Begin PBXFrameworksBuildPhase section */
		D8D5405F2B46E0A500E12142 /* Frameworks */ = {
			isa = PBXFrameworksBuildPhase;
			buildActionMask = 2147483647;
			files = (
			);
			runOnlyForDeploymentPostprocessing = 0;
		};
		D8D540752B46E0A800E12142 /* Frameworks */ = {
			isa = PBXFrameworksBuildPhase;
			buildActionMask = 2147483647;
			files = (
			);
			runOnlyForDeploymentPostprocessing = 0;
		};
		D8D5407F2B46E0A800E12142 /* Frameworks */ = {
			isa = PBXFrameworksBuildPhase;
			buildActionMask = 2147483647;
			files = (
			);
			runOnlyForDeploymentPostprocessing = 0;
		};
/* End PBXFrameworksBuildPhase section */

/* Begin PBXGroup section */
		D8D540592B46E0A500E12142 = {
			isa = PBXGroup;
			children = (
				D8D540642B46E0A500E12142 /* WIKIFACE */,
				D8D5407B2B46E0A800E12142 /* WIKIFACETests */,
				D8D540852B46E0A800E12142 /* WIKIFACEUITests */,
				D8D540632B46E0A500E12142 /* Products */,
			);
			sourceTree = "<group>";
		};
		D8D540632B46E0A500E12142 /* Products */ = {
			isa = PBXGroup;
			children = (
				D8D540622B46E0A500E12142 /* WIKIFACE.app */,
				D8D540782B46E0A800E12142 /* WIKIFACETests.xctest */,
				D8D540822B46E0A800E12142 /* WIKIFACEUITests.xctest */,
			);
			name = Products;
			sourceTree = "<group>";
		};
		D8D540642B46E0A500E12142 /* WIKIFACE */ = {
			isa = PBXGroup;
			children = (
				D8D540992B4C0E9D00E12142 /* IMG_2887.JPG */,
				D8D5409B2B4C0F4E00E12142 /* IMG_0253.JPG */,
				D8D540652B46E0A500E12142 /* AppDelegate.swift */,
				D8D540672B46E0A500E12142 /* SceneDelegate.swift */,
				D8D540692B46E0A500E12142 /* ViewController.swift */,
				D8D5406B2B46E0A500E12142 /* Main.storyboard */,
				D8D5406E2B46E0A800E12142 /* Assets.xcassets */,
				D8D540702B46E0A800E12142 /* LaunchScreen.storyboard */,
				D8D540732B46E0A800E12142 /* Info.plist */,
				D8D540972B49883B00E12142 /* ImageData.swift */,
			);
			path = WIKIFACE;
			sourceTree = "<group>";
		};
		D8D5407B2B46E0A800E12142 /* WIKIFACETests */ = {
			isa = PBXGroup;
			children = (
				D8D5407C2B46E0A800E12142 /* WIKIFACETests.swift */,
			);
			path = WIKIFACETests;
			sourceTree = "<group>";
		};
		D8D540852B46E0A800E12142 /* WIKIFACEUITests */ = {
			isa = PBXGroup;
			children = (
				D8D540862B46E0A800E12142 /* WIKIFACEUITests.swift */,
				D8D540882B46E0A800E12142 /* WIKIFACEUITestsLaunchTests.swift */,
			);
			path = WIKIFACEUITests;
			sourceTree = "<group>";
		};
/* End PBXGroup section */

/* Begin PBXNativeTarget section */
		D8D540612B46E0A500E12142 /* WIKIFACE */ = {
			isa = PBXNativeTarget;
			buildConfigurationList = D8D5408C2B46E0A800E12142 /* Build configuration list for PBXNativeTarget "WIKIFACE" */;
			buildPhases = (
				D8D5405E2B46E0A500E12142 /* Sources */,
				D8D5405F2B46E0A500E12142 /* Frameworks */,
				D8D540602B46E0A500E12142 /* Resources */,
			);
			buildRules = (
			);
			dependencies = (
			);
			name = WIKIFACE;
			productName = WIKIFACE;
			productReference = D8D540622B46E0A500E12142 /* WIKIFACE.app */;
			productType = "com.apple.product-type.application";
		};
		D8D540772B46E0A800E12142 /* WIKIFACETests */ = {
			isa = PBXNativeTarget;
			buildConfigurationList = D8D5408F2B46E0A800E12142 /* Build configuration list for PBXNativeTarget "WIKIFACETests" */;
			buildPhases = (
				D8D540742B46E0A800E12142 /* Sources */,
				D8D540752B46E0A800E12142 /* Frameworks */,
				D8D540762B46E0A800E12142 /* Resources */,
			);
			buildRules = (
			);
			dependencies = (
				D8D5407A2B46E0A800E12142 /* PBXTargetDependency */,
			);
			name = WIKIFACETests;
			productName = WIKIFACETests;
			productReference = D8D540782B46E0A800E12142 /* WIKIFACETests.xctest */;
			productType = "com.apple.product-type.bundle.unit-test";
		};
		D8D540812B46E0A800E12142 /* WIKIFACEUITests */ = {
			isa = PBXNativeTarget;
			buildConfigurationList = D8D540922B46E0A800E12142 /* Build configuration list for PBXNativeTarget "WIKIFACEUITests" */;
			buildPhases = (
				D8D5407E2B46E0A800E12142 /* Sources */,
				D8D5407F2B46E0A800E12142 /* Frameworks */,
				D8D540802B46E0A800E12142 /* Resources */,
			);
			buildRules = (
			);
			dependencies = (
				D8D540842B46E0A800E12142 /* PBXTargetDependency */,
			);
			name = WIKIFACEUITests;
			productName = WIKIFACEUITests;
			productReference = D8D540822B46E0A800E12142 /* WIKIFACEUITests.xctest */;
			productType = "com.apple.product-type.bundle.ui-testing";
		};
/* End PBXNativeTarget section */

/* Begin PBXProject section */
		D8D5405A2B46E0A500E12142 /* Project object */ = {
			isa = PBXProject;
			attributes = {
				BuildIndependentTargetsInParallel = 1;
				LastSwiftUpdateCheck = 1510;
				LastUpgradeCheck = 1510;
				TargetAttributes = {
					D8D540612B46E0A500E12142 = {
						CreatedOnToolsVersion = 15.1;
					};
					D8D540772B46E0A800E12142 = {
						CreatedOnToolsVersion = 15.1;
						TestTargetID = D8D540612B46E0A500E12142;
					};
					D8D540812B46E0A800E12142 = {
						CreatedOnToolsVersion = 15.1;
						TestTargetID = D8D540612B46E0A500E12142;
					};
				};
			};
			buildConfigurationList = D8D5405D2B46E0A500E12142 /* Build configuration list for PBXProject "WIKIFACE" */;
			compatibilityVersion = "Xcode 14.0";
			developmentRegion = en;
			hasScannedForEncodings = 0;
			knownRegions = (
				en,
				Base,
			);
			mainGroup = D8D540592B46E0A500E12142;
			productRefGroup = D8D540632B46E0A500E12142 /* Products */;
			projectDirPath = "";
			projectRoot = "";
			targets = (
				D8D540612B46E0A500E12142 /* WIKIFACE */,
				D8D540772B46E0A800E12142 /* WIKIFACETests */,
				D8D540812B46E0A800E12142 /* WIKIFACEUITests */,
			);
		};
/* End PBXProject section */

/* Begin PBXResourcesBuildPhase section */
		D8D540602B46E0A500E12142 /* Resources */ = {
			isa = PBXResourcesBuildPhase;
			buildActionMask = 2147483647;
			files = (
				D8D5409A2B4C0E9D00E12142 /* IMG_2887.JPG in Resources */,
				D8D540722B46E0A800E12142 /* LaunchScreen.storyboard in Resources */,
				D8D5406F2B46E0A800E12142 /* Assets.xcassets in Resources */,
				D8D5409C2B4C0F4E00E12142 /* IMG_0253.JPG in Resources */,
				D8D5406D2B46E0A500E12142 /* Main.storyboard in Resources */,
			);
			runOnlyForDeploymentPostprocessing = 0;
		};
		D8D540762B46E0A800E12142 /* Resources */ = {
			isa = PBXResourcesBuildPhase;
			buildActionMask = 2147483647;
			files = (
			);
			runOnlyForDeploymentPostprocessing = 0;
		};
		D8D540802B46E0A800E12142 /* Resources */ = {
			isa = PBXResourcesBuildPhase;
			buildActionMask = 2147483647;
			files = (
			);
			runOnlyForDeploymentPostprocessing = 0;
		};
/* End PBXResourcesBuildPhase section */

/* Begin PBXSourcesBuildPhase section */
		D8D5405E2B46E0A500E12142 /* Sources */ = {
			isa = PBXSourcesBuildPhase;
			buildActionMask = 2147483647;
			files = (
				D8D5406A2B46E0A500E12142 /* ViewController.swift in Sources */,
				D8D540662B46E0A500E12142 /* AppDelegate.swift in Sources */,
				D8D540982B49883B00E12142 /* ImageData.swift in Sources */,
				D8D540682B46E0A500E12142 /* SceneDelegate.swift in Sources */,
			);
			runOnlyForDeploymentPostprocessing = 0;
		};
		D8D540742B46E0A800E12142 /* Sources */ = {
			isa = PBXSourcesBuildPhase;
			buildActionMask = 2147483647;
			files = (
				D8D5407D2B46E0A800E12142 /* WIKIFACETests.swift in Sources */,
			);
			runOnlyForDeploymentPostprocessing = 0;
		};
		D8D5407E2B46E0A800E12142 /* Sources */ = {
			isa = PBXSourcesBuildPhase;
			buildActionMask = 2147483647;
			files = (
				D8D540892B46E0A800E12142 /* WIKIFACEUITestsLaunchTests.swift in Sources */,
				D8D540872B46E0A800E12142 /* WIKIFACEUITests.swift in Sources */,
			);
			runOnlyForDeploymentPostprocessing = 0;
		};
/* End PBXSourcesBuildPhase section */

/* Begin PBXTargetDependency section */
		D8D5407A2B46E0A800E12142 /* PBXTargetDependency */ = {
			isa = PBXTargetDependency;
			target = D8D540612B46E0A500E12142 /* WIKIFACE */;
			targetProxy = D8D540792B46E0A800E12142 /* PBXContainerItemProxy */;
		};
		D8D540842B46E0A800E12142 /* PBXTargetDependency */ = {
			isa = PBXTargetDependency;
			target = D8D540612B46E0A500E12142 /* WIKIFACE */;
			targetProxy = D8D540832B46E0A800E12142 /* PBXContainerItemProxy */;
		};
/* End PBXTargetDependency section */

/* Begin PBXVariantGroup section */
		D8D5406B2B46E0A500E12142 /* Main.storyboard */ = {
			isa = PBXVariantGroup;
			children = (
				D8D5406C2B46E0A500E12142 /* Base */,
			);
			name = Main.storyboard;
			sourceTree = "<group>";
		};
		D8D540702B46E0A800E12142 /* LaunchScreen.storyboard */ = {
			isa = PBXVariantGroup;
			children = (
				D8D540712B46E0A800E12142 /* Base */,
			);
			name = LaunchScreen.storyboard;
			sourceTree = "<group>";
		};
/* End PBXVariantGroup section */

/* Begin XCBuildConfiguration section */
		D8D5408A2B46E0A800E12142 /* Debug */ = {
			isa = XCBuildConfiguration;
			buildSettings = {
				ALWAYS_SEARCH_USER_PATHS = NO;
				ASSETCATALOG_COMPILER_GENERATE_SWIFT_ASSET_SYMBOL_EXTENSIONS = YES;
				CLANG_ANALYZER_NONNULL = YES;
				CLANG_ANALYZER_NUMBER_OBJECT_CONVERSION = YES_AGGRESSIVE;
				CLANG_CXX_LANGUAGE_STANDARD = "gnu++20";
				CLANG_ENABLE_MODULES = YES;
				CLANG_ENABLE_OBJC_ARC = YES;
				CLANG_ENABLE_OBJC_WEAK = YES;
				CLANG_WARN_BLOCK_CAPTURE_AUTORELEASING = YES;
				CLANG_WARN_BOOL_CONVERSION = YES;
				CLANG_WARN_COMMA = YES;
				CLANG_WARN_CONSTANT_CONVERSION = YES;
				CLANG_WARN_DEPRECATED_OBJC_IMPLEMENTATIONS = YES;
				CLANG_WARN_DIRECT_OBJC_ISA_USAGE = YES_ERROR;
				CLANG_WARN_DOCUMENTATION_COMMENTS = YES;
				CLANG_WARN_EMPTY_BODY = YES;
				CLANG_WARN_ENUM_CONVERSION = YES;
				CLANG_WARN_INFINITE_RECURSION = YES;
				CLANG_WARN_INT_CONVERSION = YES;
				CLANG_WARN_NON_LITERAL_NULL_CONVERSION = YES;
				CLANG_WARN_OBJC_IMPLICIT_RETAIN_SELF = YES;
				CLANG_WARN_OBJC_LITERAL_CONVERSION = YES;
				CLANG_WARN_OBJC_ROOT_CLASS = YES_ERROR;
				CLANG_WARN_QUOTED_INCLUDE_IN_FRAMEWORK_HEADER = YES;
				CLANG_WARN_RANGE_LOOP_ANALYSIS = YES;
				CLANG_WARN_STRICT_PROTOTYPES = YES;
				CLANG_WARN_SUSPICIOUS_MOVE = YES;
				CLANG_WARN_UNGUARDED_AVAILABILITY = YES_AGGRESSIVE;
				CLANG_WARN_UNREACHABLE_CODE = YES;
				CLANG_WARN__DUPLICATE_METHOD_MATCH = YES;
				COPY_PHASE_STRIP = NO;
				DEBUG_INFORMATION_FORMAT = dwarf;
				ENABLE_STRICT_OBJC_MSGSEND = YES;
				ENABLE_TESTABILITY = YES;
				ENABLE_USER_SCRIPT_SANDBOXING = YES;
				GCC_C_LANGUAGE_STANDARD = gnu17;
				GCC_DYNAMIC_NO_PIC = NO;
				GCC_NO_COMMON_BLOCKS = YES;
				GCC_OPTIMIZATION_LEVEL = 0;
				GCC_PREPROCESSOR_DEFINITIONS = (
					"DEBUG=1",
					"$(inherited)",
				);
				GCC_WARN_64_TO_32_BIT_CONVERSION = YES;
				GCC_WARN_ABOUT_RETURN_TYPE = YES_ERROR;
				GCC_WARN_UNDECLARED_SELECTOR = YES;
				GCC_WARN_UNINITIALIZED_AUTOS = YES_AGGRESSIVE;
				GCC_WARN_UNUSED_FUNCTION = YES;
				GCC_WARN_UNUSED_VARIABLE = YES;
				IPHONEOS_DEPLOYMENT_TARGET = 17.2;
				LOCALIZATION_PREFERS_STRING_CATALOGS = YES;
				MTL_ENABLE_DEBUG_INFO = INCLUDE_SOURCE;
				MTL_FAST_MATH = YES;
				ONLY_ACTIVE_ARCH = YES;
				SDKROOT = iphoneos;
				SWIFT_ACTIVE_COMPILATION_CONDITIONS = "DEBUG $(inherited)";
				SWIFT_OPTIMIZATION_LEVEL = "-Onone";
			};
			name = Debug;
		};
		D8D5408B2B46E0A800E12142 /* Release */ = {
			isa = XCBuildConfiguration;
			buildSettings = {
				ALWAYS_SEARCH_USER_PATHS = NO;
				ASSETCATALOG_COMPILER_GENERATE_SWIFT_ASSET_SYMBOL_EXTENSIONS = YES;
				CLANG_ANALYZER_NONNULL = YES;
				CLANG_ANALYZER_NUMBER_OBJECT_CONVERSION = YES_AGGRESSIVE;
				CLANG_CXX_LANGUAGE_STANDARD = "gnu++20";
				CLANG_ENABLE_MODULES = YES;
				CLANG_ENABLE_OBJC_ARC = YES;
				CLANG_ENABLE_OBJC_WEAK = YES;
				CLANG_WARN_BLOCK_CAPTURE_AUTORELEASING = YES;
				CLANG_WARN_BOOL_CONVERSION = YES;
				CLANG_WARN_COMMA = YES;
				CLANG_WARN_CONSTANT_CONVERSION = YES;
				CLANG_WARN_DEPRECATED_OBJC_IMPLEMENTATIONS = YES;
				CLANG_WARN_DIRECT_OBJC_ISA_USAGE = YES_ERROR;
				CLANG_WARN_DOCUMENTATION_COMMENTS = YES;
				CLANG_WARN_EMPTY_BODY = YES;
				CLANG_WARN_ENUM_CONVERSION = YES;
				CLANG_WARN_INFINITE_RECURSION = YES;
				CLANG_WARN_INT_CONVERSION = YES;
				CLANG_WARN_NON_LITERAL_NULL_CONVERSION = YES;
				CLANG_WARN_OBJC_IMPLICIT_RETAIN_SELF = YES;
				CLANG_WARN_OBJC_LITERAL_CONVERSION = YES;
				CLANG_WARN_OBJC_ROOT_CLASS = YES_ERROR;
				CLANG_WARN_QUOTED_INCLUDE_IN_FRAMEWORK_HEADER = YES;
				CLANG_WARN_RANGE_LOOP_ANALYSIS = YES;
				CLANG_WARN_STRICT_PROTOTYPES = YES;
				CLANG_WARN_SUSPICIOUS_MOVE = YES;
				CLANG_WARN_UNGUARDED_AVAILABILITY = YES_AGGRESSIVE;
				CLANG_WARN_UNREACHABLE_CODE = YES;
				CLANG_WARN__DUPLICATE_METHOD_MATCH = YES;
				COPY_PHASE_STRIP = NO;
				DEBUG_INFORMATION_FORMAT = "dwarf-with-dsym";
				ENABLE_NS_ASSERTIONS = NO;
				ENABLE_STRICT_OBJC_MSGSEND = YES;
				ENABLE_USER_SCRIPT_SANDBOXING = YES;
				GCC_C_LANGUAGE_STANDARD = gnu17;
				GCC_NO_COMMON_BLOCKS = YES;
				GCC_WARN_64_TO_32_BIT_CONVERSION = YES;
				GCC_WARN_ABOUT_RETURN_TYPE = YES_ERROR;
				GCC_WARN_UNDECLARED_SELECTOR = YES;
				GCC_WARN_UNINITIALIZED_AUTOS = YES_AGGRESSIVE;
				GCC_WARN_UNUSED_FUNCTION = YES;
				GCC_WARN_UNUSED_VARIABLE = YES;
				IPHONEOS_DEPLOYMENT_TARGET = 17.2;
				LOCALIZATION_PREFERS_STRING_CATALOGS = YES;
				MTL_ENABLE_DEBUG_INFO = NO;
				MTL_FAST_MATH = YES;
				SDKROOT = iphoneos;
				SWIFT_COMPILATION_MODE = wholemodule;
				VALIDATE_PRODUCT = YES;
			};
			name = Release;
		};
		D8D5408D2B46E0A800E12142 /* Debug */ = {
			isa = XCBuildConfiguration;
			buildSettings = {
				ASSETCATALOG_COMPILER_APPICON_NAME = AppIcon;
				ASSETCATALOG_COMPILER_GLOBAL_ACCENT_COLOR_NAME = AccentColor;
				CODE_SIGN_STYLE = Automatic;
				CURRENT_PROJECT_VERSION = 1;
				DEVELOPMENT_TEAM = W5Z68U98HJ;
				GENERATE_INFOPLIST_FILE = YES;
				INFOPLIST_FILE = WIKIFACE/Info.plist;
				INFOPLIST_KEY_UIApplicationSupportsIndirectInputEvents = YES;
				INFOPLIST_KEY_UILaunchStoryboardName = LaunchScreen;
				INFOPLIST_KEY_UIMainStoryboardFile = Main;
				INFOPLIST_KEY_UISupportedInterfaceOrientations_iPad = "UIInterfaceOrientationPortrait UIInterfaceOrientationPortraitUpsideDown UIInterfaceOrientationLandscapeLeft UIInterfaceOrientationLandscapeRight";
				INFOPLIST_KEY_UISupportedInterfaceOrientations_iPhone = "UIInterfaceOrientationPortrait UIInterfaceOrientationLandscapeLeft UIInterfaceOrientationLandscapeRight";
				LD_RUNPATH_SEARCH_PATHS = (
					"$(inherited)",
					"@executable_path/Frameworks",
				);
				MARKETING_VERSION = 1.0;
				PRODUCT_BUNDLE_IDENTIFIER = com.yanni.WIKIFACE;
				PRODUCT_NAME = "$(TARGET_NAME)";
				SWIFT_EMIT_LOC_STRINGS = YES;
				SWIFT_VERSION = 5.0;
				TARGETED_DEVICE_FAMILY = "1,2";
			};
			name = Debug;
		};
		D8D5408E2B46E0A800E12142 /* Release */ = {
			isa = XCBuildConfiguration;
			buildSettings = {
				ASSETCATALOG_COMPILER_APPICON_NAME = AppIcon;
				ASSETCATALOG_COMPILER_GLOBAL_ACCENT_COLOR_NAME = AccentColor;
				CODE_SIGN_STYLE = Automatic;
				CURRENT_PROJECT_VERSION = 1;
				DEVELOPMENT_TEAM = W5Z68U98HJ;
				GENERATE_INFOPLIST_FILE = YES;
				INFOPLIST_FILE = WIKIFACE/Info.plist;
				INFOPLIST_KEY_UIApplicationSupportsIndirectInputEvents = YES;
				INFOPLIST_KEY_UILaunchStoryboardName = LaunchScreen;
				INFOPLIST_KEY_UIMainStoryboardFile = Main;
				INFOPLIST_KEY_UISupportedInterfaceOrientations_iPad = "UIInterfaceOrientationPortrait UIInterfaceOrientationPortraitUpsideDown UIInterfaceOrientationLandscapeLeft UIInterfaceOrientationLandscapeRight";
				INFOPLIST_KEY_UISupportedInterfaceOrientations_iPhone = "UIInterfaceOrientationPortrait UIInterfaceOrientationLandscapeLeft UIInterfaceOrientationLandscapeRight";
				LD_RUNPATH_SEARCH_PATHS = (
					"$(inherited)",
					"@executable_path/Frameworks",
				);
				MARKETING_VERSION = 1.0;
				PRODUCT_BUNDLE_IDENTIFIER = com.yanni.WIKIFACE;
				PRODUCT_NAME = "$(TARGET_NAME)";
				SWIFT_EMIT_LOC_STRINGS = YES;
				SWIFT_VERSION = 5.0;
				TARGETED_DEVICE_FAMILY = "1,2";
			};
			name = Release;
		};
		D8D540902B46E0A800E12142 /* Debug */ = {
			isa = XCBuildConfiguration;
			buildSettings = {
				ALWAYS_EMBED_SWIFT_STANDARD_LIBRARIES = YES;
				BUNDLE_LOADER = "$(TEST_HOST)";
				CODE_SIGN_STYLE = Automatic;
				CURRENT_PROJECT_VERSION = 1;
				DEVELOPMENT_TEAM = W5Z68U98HJ;
				GENERATE_INFOPLIST_FILE = YES;
				IPHONEOS_DEPLOYMENT_TARGET = 17.2;
				MARKETING_VERSION = 1.0;
				PRODUCT_BUNDLE_IDENTIFIER = com.yanni.WIKIFACETests;
				PRODUCT_NAME = "$(TARGET_NAME)";
				SWIFT_EMIT_LOC_STRINGS = NO;
				SWIFT_VERSION = 5.0;
				TARGETED_DEVICE_FAMILY = "1,2";
				TEST_HOST = "$(BUILT_PRODUCTS_DIR)/WIKIFACE.app/$(BUNDLE_EXECUTABLE_FOLDER_PATH)/WIKIFACE";
			};
			name = Debug;
		};
		D8D540912B46E0A800E12142 /* Release */ = {
			isa = XCBuildConfiguration;
			buildSettings = {
				ALWAYS_EMBED_SWIFT_STANDARD_LIBRARIES = YES;
				BUNDLE_LOADER = "$(TEST_HOST)";
				CODE_SIGN_STYLE = Automatic;
				CURRENT_PROJECT_VERSION = 1;
				DEVELOPMENT_TEAM = W5Z68U98HJ;
				GENERATE_INFOPLIST_FILE = YES;
				IPHONEOS_DEPLOYMENT_TARGET = 17.2;
				MARKETING_VERSION = 1.0;
				PRODUCT_BUNDLE_IDENTIFIER = com.yanni.WIKIFACETests;
				PRODUCT_NAME = "$(TARGET_NAME)";
				SWIFT_EMIT_LOC_STRINGS = NO;
				SWIFT_VERSION = 5.0;
				TARGETED_DEVICE_FAMILY = "1,2";
				TEST_HOST = "$(BUILT_PRODUCTS_DIR)/WIKIFACE.app/$(BUNDLE_EXECUTABLE_FOLDER_PATH)/WIKIFACE";
			};
			name = Release;
		};
		D8D540932B46E0A800E12142 /* Debug */ = {
			isa = XCBuildConfiguration;
			buildSettings = {
				ALWAYS_EMBED_SWIFT_STANDARD_LIBRARIES = YES;
				CODE_SIGN_STYLE = Automatic;
				CURRENT_PROJECT_VERSION = 1;
				DEVELOPMENT_TEAM = W5Z68U98HJ;
				GENERATE_INFOPLIST_FILE = YES;
				MARKETING_VERSION = 1.0;
				PRODUCT_BUNDLE_IDENTIFIER = com.yanni.WIKIFACEUITests;
				PRODUCT_NAME = "$(TARGET_NAME)";
				SWIFT_EMIT_LOC_STRINGS = NO;
				SWIFT_VERSION = 5.0;
				TARGETED_DEVICE_FAMILY = "1,2";
				TEST_TARGET_NAME = WIKIFACE;
			};
			name = Debug;
		};
		D8D540942B46E0A800E12142 /* Release */ = {
			isa = XCBuildConfiguration;
			buildSettings = {
				ALWAYS_EMBED_SWIFT_STANDARD_LIBRARIES = YES;
				CODE_SIGN_STYLE = Automatic;
				CURRENT_PROJECT_VERSION = 1;
				DEVELOPMENT_TEAM = W5Z68U98HJ;
				GENERATE_INFOPLIST_FILE = YES;
				MARKETING_VERSION = 1.0;
				PRODUCT_BUNDLE_IDENTIFIER = com.yanni.WIKIFACEUITests;
				PRODUCT_NAME = "$(TARGET_NAME)";
				SWIFT_EMIT_LOC_STRINGS = NO;
				SWIFT_VERSION = 5.0;
				TARGETED_DEVICE_FAMILY = "1,2";
				TEST_TARGET_NAME = WIKIFACE;
			};
			name = Release;
		};
/* End XCBuildConfiguration section */

/* Begin XCConfigurationList section */
		D8D5405D2B46E0A500E12142 /* Build configuration list for PBXProject "WIKIFACE" */ = {
			isa = XCConfigurationList;
			buildConfigurations = (
				D8D5408A2B46E0A800E12142 /* Debug */,
				D8D5408B2B46E0A800E12142 /* Release */,
			);
			defaultConfigurationIsVisible = 0;
			defaultConfigurationName = Release;
		};
		D8D5408C2B46E0A800E12142 /* Build configuration list for PBXNativeTarget "WIKIFACE" */ = {
			isa = XCConfigurationList;
			buildConfigurations = (
				D8D5408D2B46E0A800E12142 /* Debug */,
				D8D5408E2B46E0A800E12142 /* Release */,
			);
			defaultConfigurationIsVisible = 0;
			defaultConfigurationName = Release;
		};
		D8D5408F2B46E0A800E12142 /* Build configuration list for PBXNativeTarget "WIKIFACETests" */ = {
			isa = XCConfigurationList;
			buildConfigurations = (
				D8D540902B46E0A800E12142 /* Debug */,
				D8D540912B46E0A800E12142 /* Release */,
			);
			defaultConfigurationIsVisible = 0;
			defaultConfigurationName = Release;
		};
		D8D540922B46E0A800E12142 /* Build configuration list for PBXNativeTarget "WIKIFACEUITests" */ = {
			isa = XCConfigurationList;
			buildConfigurations = (
				D8D540932B46E0A800E12142 /* Debug */,
				D8D540942B46E0A800E12142 /* Release */,
			);
			defaultConfigurationIsVisible = 0;
			defaultConfigurationName = Release;
		};
/* End XCConfigurationList section */
	};
	rootObject = D8D5405A2B46E0A500E12142 /* Project object */;
}
